PODS:
  - FMDB (2.7.5):
    - FMDB/standard (= 2.7.5)
  - FMDB/standard (2.7.5)
  - Sentry (4.3.1):
    - Sentry/Core (= 4.3.1)
  - Sentry/Core (4.3.1)
  - SwiftMessages (6.0.2):
    - SwiftMessages/App (= 6.0.2)
  - SwiftMessages/App (6.0.2)

DEPENDENCIES:
  - FMDB
  - Sentry
  - SwiftMessages

SPEC REPOS:
  https://github.com/cocoapods/specs.git:
    - FMDB
    - Sentry
    - SwiftMessages

SPEC CHECKSUMS:
  FMDB: 2ce00b547f966261cd18927a3ddb07cb6f3db82a
  Sentry: 5267d493a398663538317e4dcc438c12c66202ed
  SwiftMessages: 8b3cc68dba2f1c91aac1a74c90b10287aac35371

PODFILE CHECKSUM: 4bf915948a55f0cbc974a44eb43c3d0606c9be69

COCOAPODS: 1.7.1
