// !$*UTF8*$!
{
	archiveVersion = 1;
	classes = {
	};
	objectVersion = 50;
	objects = {

/* Begin PBXBuildFile section */
		DC07357A22392474008326F7 /* AppDelegate.swift in Sources */ = {isa = PBXBuildFile; fileRef = DC07357922392474008326F7 /* AppDelegate.swift */; };
		DC07357F22392474008326F7 /* Main.storyboard in Resources */ = {isa = PBXBuildFile; fileRef = DC07357D22392474008326F7 /* Main.storyboard */; };
		DC07358122392476008326F7 /* Assets.xcassets in Resources */ = {isa = PBXBuildFile; fileRef = DC07358022392476008326F7 /* Assets.xcassets */; };
		DC07358422392476008326F7 /* LaunchScreen.storyboard in Resources */ = {isa = PBXBuildFile; fileRef = DC07358222392476008326F7 /* LaunchScreen.storyboard */; };
		DC1D6FB12240ECF4008A9E06 /* TicketValidator.swift in Sources */ = {isa = PBXBuildFile; fileRef = DC1D6FB02240ECF4008A9E06 /* TicketValidator.swift */; };
		DC1D6FB32240EE7A008A9E06 /* OnlineTicketValidator.swift in Sources */ = {isa = PBXBuildFile; fileRef = DC1D6FB22240EE7A008A9E06 /* OnlineTicketValidator.swift */; };
		DC1D6FB52240F689008A9E06 /* OrderPosition.swift in Sources */ = {isa = PBXBuildFile; fileRef = DC1D6FB42240F689008A9E06 /* OrderPosition.swift */; };
		DC1D6FB72240F82B008A9E06 /* CheckIn.swift in Sources */ = {isa = PBXBuildFile; fileRef = DC1D6FB62240F82B008A9E06 /* CheckIn.swift */; };
		DC1D6FBB2240FA16008A9E06 /* OrderPositionTests.swift in Sources */ = {isa = PBXBuildFile; fileRef = DC1D6FBA2240FA16008A9E06 /* OrderPositionTests.swift */; };
		DC1D6FBC2240FA46008A9E06 /* OrderPosition.swift in Sources */ = {isa = PBXBuildFile; fileRef = DC1D6FB42240F689008A9E06 /* OrderPosition.swift */; };
		DC1D6FBD2240FA49008A9E06 /* CheckIn.swift in Sources */ = {isa = PBXBuildFile; fileRef = DC1D6FB62240F82B008A9E06 /* CheckIn.swift */; };
		DC1D6FBF22416268008A9E06 /* SearchResultsTableViewController.swift in Sources */ = {isa = PBXBuildFile; fileRef = DC1D6FBE22416268008A9E06 /* SearchResultsTableViewController.swift */; };
		DC1D6FC122424CA9008A9E06 /* SearchFooterView.swift in Sources */ = {isa = PBXBuildFile; fileRef = DC1D6FC022424CA9008A9E06 /* SearchFooterView.swift */; };
		DC1D6FC32242589B008A9E06 /* SearchResultTableViewCell.swift in Sources */ = {isa = PBXBuildFile; fileRef = DC1D6FC22242589B008A9E06 /* SearchResultTableViewCell.swift */; };
		DC1D6FC822425B02008A9E06 /* ConnectDeviceViewController.swift in Sources */ = {isa = PBXBuildFile; fileRef = DC1D6FC622425B02008A9E06 /* ConnectDeviceViewController.swift */; };
		DC1D6FC922425B02008A9E06 /* SelectCheckInListTableViewController.swift in Sources */ = {isa = PBXBuildFile; fileRef = DC1D6FC722425B02008A9E06 /* SelectCheckInListTableViewController.swift */; };
		DC23BA4B223FCFF200ED7713 /* CheckInList.swift in Sources */ = {isa = PBXBuildFile; fileRef = DC23BA4A223FCFF200ED7713 /* CheckInList.swift */; };
		DC23BA4D223FD28700ED7713 /* CheckinListTests.swift in Sources */ = {isa = PBXBuildFile; fileRef = DC23BA4C223FD28700ED7713 /* CheckinListTests.swift */; };
		DC23BA4E223FD34800ED7713 /* CheckInList.swift in Sources */ = {isa = PBXBuildFile; fileRef = DC23BA4A223FCFF200ED7713 /* CheckInList.swift */; };
		DC23BA52223FEB2700ED7713 /* SetupFinishedViewController.swift in Sources */ = {isa = PBXBuildFile; fileRef = DC23BA51223FEB2700ED7713 /* SetupFinishedViewController.swift */; };
		DC91EB28223F9F7D00704F24 /* ConfiguredNavigationController.swift in Sources */ = {isa = PBXBuildFile; fileRef = DC91EB27223F9F7D00704F24 /* ConfiguredNavigationController.swift */; };
		DC91EB31223FA36A00704F24 /* SelectEventTableViewController.swift in Sources */ = {isa = PBXBuildFile; fileRef = DC91EB30223FA36A00704F24 /* SelectEventTableViewController.swift */; };
		DC91EB33223FAFF300704F24 /* PagedList.swift in Sources */ = {isa = PBXBuildFile; fileRef = DC91EB32223FAFF300704F24 /* PagedList.swift */; };
		DCAAFF29223929B60059C000 /* README.md in Resources */ = {isa = PBXBuildFile; fileRef = DCAAFF28223929B60059C000 /* README.md */; };
		DCAAFF2F223946180059C000 /* InMemoryConfigStore.swift in Sources */ = {isa = PBXBuildFile; fileRef = DCAAFF2E223946180059C000 /* InMemoryConfigStore.swift */; };
		DCAAFF3122394BDD0059C000 /* ValidateTicketViewController.swift in Sources */ = {isa = PBXBuildFile; fileRef = DCAAFF3022394BDD0059C000 /* ValidateTicketViewController.swift */; };
		DCAAFF36223952350059C000 /* WelcomeViewController.swift in Sources */ = {isa = PBXBuildFile; fileRef = DCAAFF35223952350059C000 /* WelcomeViewController.swift */; };
		DCAAFF3822396EC30059C000 /* Segues.swift in Sources */ = {isa = PBXBuildFile; fileRef = DCAAFF3722396EC30059C000 /* Segues.swift */; };
		DCAAFF3A223970090059C000 /* Localization.swift in Sources */ = {isa = PBXBuildFile; fileRef = DCAAFF39223970090059C000 /* Localization.swift */; };
		DCAAFF41223AAB8E0059C000 /* Handshake.swift in Sources */ = {isa = PBXBuildFile; fileRef = DCAAFF40223AAB8E0059C000 /* Handshake.swift */; };
		DCAAFF43223AAF4C0059C000 /* HandshakeParsingTests.swift in Sources */ = {isa = PBXBuildFile; fileRef = DCAAFF42223AAF4C0059C000 /* HandshakeParsingTests.swift */; };
		DCAAFF44223AB0920059C000 /* Handshake.swift in Sources */ = {isa = PBXBuildFile; fileRef = DCAAFF40223AAB8E0059C000 /* Handshake.swift */; };
		DCAAFF47223AB6A00059C000 /* DeviceInitializationRequest.swift in Sources */ = {isa = PBXBuildFile; fileRef = DCAAFF46223AB6A00059C000 /* DeviceInitializationRequest.swift */; };
		DCAAFF49223AB8450059C000 /* DeviceInitializationResponse.swift in Sources */ = {isa = PBXBuildFile; fileRef = DCAAFF48223AB8450059C000 /* DeviceInitializationResponse.swift */; };
		DCAAFF4B223AB9CE0059C000 /* DeviceInitializationParsingTests.swift in Sources */ = {isa = PBXBuildFile; fileRef = DCAAFF4A223AB9CE0059C000 /* DeviceInitializationParsingTests.swift */; };
		DCAAFF4C223AB9F20059C000 /* DeviceInitializationRequest.swift in Sources */ = {isa = PBXBuildFile; fileRef = DCAAFF46223AB6A00059C000 /* DeviceInitializationRequest.swift */; };
		DCAAFF4D223AB9F40059C000 /* DeviceInitializationResponse.swift in Sources */ = {isa = PBXBuildFile; fileRef = DCAAFF48223AB8450059C000 /* DeviceInitializationResponse.swift */; };
		DCAAFF4F223ABC670059C000 /* APIClient.swift in Sources */ = {isa = PBXBuildFile; fileRef = DCAAFF4E223ABC670059C000 /* APIClient.swift */; };
		DCAAFF51223ACAC60059C000 /* HttpMethods.swift in Sources */ = {isa = PBXBuildFile; fileRef = DCAAFF50223ACAC60059C000 /* HttpMethods.swift */; };
		DCAAFF55223AE6E20059C000 /* Errors.swift in Sources */ = {isa = PBXBuildFile; fileRef = DCAAFF54223AE6E20059C000 /* Errors.swift */; };
		DCAAFF57223AF14B0059C000 /* Utilities.swift in Sources */ = {isa = PBXBuildFile; fileRef = DCAAFF56223AF14B0059C000 /* Utilities.swift */; };
		DCC0003A223BE07D00236424 /* Event.swift in Sources */ = {isa = PBXBuildFile; fileRef = DCC00039223BE07D00236424 /* Event.swift */; };
		DCC0003C223BE31F00236424 /* MultiLingualString.swift in Sources */ = {isa = PBXBuildFile; fileRef = DCC0003B223BE31F00236424 /* MultiLingualString.swift */; };
		DCC0003E223BE6D700236424 /* MultiLingualStringTests.swift in Sources */ = {isa = PBXBuildFile; fileRef = DCC0003D223BE6D700236424 /* MultiLingualStringTests.swift */; };
		DCC0003F223BE77200236424 /* MultiLingualString.swift in Sources */ = {isa = PBXBuildFile; fileRef = DCC0003B223BE31F00236424 /* MultiLingualString.swift */; };
		DCC00041223BEAF300236424 /* EventTests.swift in Sources */ = {isa = PBXBuildFile; fileRef = DCC00040223BEAF300236424 /* EventTests.swift */; };
		DCC00042223BEB3B00236424 /* Event.swift in Sources */ = {isa = PBXBuildFile; fileRef = DCC00039223BE07D00236424 /* Event.swift */; };
		DCEF6E36223925EF009E7078 /* ConfigStore.swift in Sources */ = {isa = PBXBuildFile; fileRef = DCEF6E35223925EF009E7078 /* ConfigStore.swift */; };
/* End PBXBuildFile section */

/* Begin PBXContainerItemProxy section */
		DC07358B22392476008326F7 /* PBXContainerItemProxy */ = {
			isa = PBXContainerItemProxy;
			containerPortal = DC07356E22392474008326F7 /* Project object */;
			proxyType = 1;
			remoteGlobalIDString = DC07357522392474008326F7;
			remoteInfo = PretixScan;
		};
/* End PBXContainerItemProxy section */

/* Begin PBXFileReference section */
		DC07357622392474008326F7 /* PretixScan.app */ = {isa = PBXFileReference; explicitFileType = wrapper.application; includeInIndex = 0; path = PretixScan.app; sourceTree = BUILT_PRODUCTS_DIR; };
		DC07357922392474008326F7 /* AppDelegate.swift */ = {isa = PBXFileReference; lastKnownFileType = sourcecode.swift; path = AppDelegate.swift; sourceTree = "<group>"; };
		DC07357E22392474008326F7 /* Base */ = {isa = PBXFileReference; lastKnownFileType = file.storyboard; name = Base; path = Base.lproj/Main.storyboard; sourceTree = "<group>"; };
		DC07358022392476008326F7 /* Assets.xcassets */ = {isa = PBXFileReference; lastKnownFileType = folder.assetcatalog; path = Assets.xcassets; sourceTree = "<group>"; };
		DC07358322392476008326F7 /* Base */ = {isa = PBXFileReference; lastKnownFileType = file.storyboard; name = Base; path = Base.lproj/LaunchScreen.storyboard; sourceTree = "<group>"; };
		DC07358522392476008326F7 /* Info.plist */ = {isa = PBXFileReference; lastKnownFileType = text.plist.xml; path = Info.plist; sourceTree = "<group>"; };
		DC07358A22392476008326F7 /* PretixScanTests.xctest */ = {isa = PBXFileReference; explicitFileType = wrapper.cfbundle; includeInIndex = 0; path = PretixScanTests.xctest; sourceTree = BUILT_PRODUCTS_DIR; };
		DC07359022392476008326F7 /* Info.plist */ = {isa = PBXFileReference; lastKnownFileType = text.plist.xml; path = Info.plist; sourceTree = "<group>"; };
		DC1D6FB02240ECF4008A9E06 /* TicketValidator.swift */ = {isa = PBXFileReference; lastKnownFileType = sourcecode.swift; path = TicketValidator.swift; sourceTree = "<group>"; };
		DC1D6FB22240EE7A008A9E06 /* OnlineTicketValidator.swift */ = {isa = PBXFileReference; lastKnownFileType = sourcecode.swift; path = OnlineTicketValidator.swift; sourceTree = "<group>"; };
		DC1D6FB42240F689008A9E06 /* OrderPosition.swift */ = {isa = PBXFileReference; lastKnownFileType = sourcecode.swift; path = OrderPosition.swift; sourceTree = "<group>"; };
		DC1D6FB62240F82B008A9E06 /* CheckIn.swift */ = {isa = PBXFileReference; lastKnownFileType = sourcecode.swift; path = CheckIn.swift; sourceTree = "<group>"; };
		DC1D6FBA2240FA16008A9E06 /* OrderPositionTests.swift */ = {isa = PBXFileReference; lastKnownFileType = sourcecode.swift; path = OrderPositionTests.swift; sourceTree = "<group>"; };
		DC1D6FBE22416268008A9E06 /* SearchResultsTableViewController.swift */ = {isa = PBXFileReference; lastKnownFileType = sourcecode.swift; path = SearchResultsTableViewController.swift; sourceTree = "<group>"; };
		DC1D6FC022424CA9008A9E06 /* SearchFooterView.swift */ = {isa = PBXFileReference; lastKnownFileType = sourcecode.swift; path = SearchFooterView.swift; sourceTree = "<group>"; };
		DC1D6FC22242589B008A9E06 /* SearchResultTableViewCell.swift */ = {isa = PBXFileReference; lastKnownFileType = sourcecode.swift; path = SearchResultTableViewCell.swift; sourceTree = "<group>"; };
		DC1D6FC622425B02008A9E06 /* ConnectDeviceViewController.swift */ = {isa = PBXFileReference; fileEncoding = 4; lastKnownFileType = sourcecode.swift; path = ConnectDeviceViewController.swift; sourceTree = "<group>"; };
		DC1D6FC722425B02008A9E06 /* SelectCheckInListTableViewController.swift */ = {isa = PBXFileReference; fileEncoding = 4; lastKnownFileType = sourcecode.swift; path = SelectCheckInListTableViewController.swift; sourceTree = "<group>"; };
		DC23BA4A223FCFF200ED7713 /* CheckInList.swift */ = {isa = PBXFileReference; lastKnownFileType = sourcecode.swift; path = CheckInList.swift; sourceTree = "<group>"; };
		DC23BA4C223FD28700ED7713 /* CheckinListTests.swift */ = {isa = PBXFileReference; lastKnownFileType = sourcecode.swift; path = CheckinListTests.swift; sourceTree = "<group>"; };
		DC23BA51223FEB2700ED7713 /* SetupFinishedViewController.swift */ = {isa = PBXFileReference; lastKnownFileType = sourcecode.swift; path = SetupFinishedViewController.swift; sourceTree = "<group>"; };
		DC91EB27223F9F7D00704F24 /* ConfiguredNavigationController.swift */ = {isa = PBXFileReference; lastKnownFileType = sourcecode.swift; path = ConfiguredNavigationController.swift; sourceTree = "<group>"; };
		DC91EB30223FA36A00704F24 /* SelectEventTableViewController.swift */ = {isa = PBXFileReference; lastKnownFileType = sourcecode.swift; path = SelectEventTableViewController.swift; sourceTree = "<group>"; };
		DC91EB32223FAFF300704F24 /* PagedList.swift */ = {isa = PBXFileReference; lastKnownFileType = sourcecode.swift; path = PagedList.swift; sourceTree = "<group>"; };
		DCAAFF28223929B60059C000 /* README.md */ = {isa = PBXFileReference; fileEncoding = 4; lastKnownFileType = net.daringfireball.markdown; path = README.md; sourceTree = "<group>"; };
		DCAAFF2E223946180059C000 /* InMemoryConfigStore.swift */ = {isa = PBXFileReference; fileEncoding = 4; lastKnownFileType = sourcecode.swift; path = InMemoryConfigStore.swift; sourceTree = "<group>"; };
		DCAAFF3022394BDD0059C000 /* ValidateTicketViewController.swift */ = {isa = PBXFileReference; lastKnownFileType = sourcecode.swift; path = ValidateTicketViewController.swift; sourceTree = "<group>"; };
		DCAAFF35223952350059C000 /* WelcomeViewController.swift */ = {isa = PBXFileReference; lastKnownFileType = sourcecode.swift; path = WelcomeViewController.swift; sourceTree = "<group>"; };
		DCAAFF3722396EC30059C000 /* Segues.swift */ = {isa = PBXFileReference; lastKnownFileType = sourcecode.swift; path = Segues.swift; sourceTree = "<group>"; };
		DCAAFF39223970090059C000 /* Localization.swift */ = {isa = PBXFileReference; lastKnownFileType = sourcecode.swift; path = Localization.swift; sourceTree = "<group>"; };
		DCAAFF40223AAB8E0059C000 /* Handshake.swift */ = {isa = PBXFileReference; lastKnownFileType = sourcecode.swift; path = Handshake.swift; sourceTree = "<group>"; };
		DCAAFF42223AAF4C0059C000 /* HandshakeParsingTests.swift */ = {isa = PBXFileReference; lastKnownFileType = sourcecode.swift; path = HandshakeParsingTests.swift; sourceTree = "<group>"; };
		DCAAFF46223AB6A00059C000 /* DeviceInitializationRequest.swift */ = {isa = PBXFileReference; lastKnownFileType = sourcecode.swift; path = DeviceInitializationRequest.swift; sourceTree = "<group>"; };
		DCAAFF48223AB8450059C000 /* DeviceInitializationResponse.swift */ = {isa = PBXFileReference; lastKnownFileType = sourcecode.swift; path = DeviceInitializationResponse.swift; sourceTree = "<group>"; };
		DCAAFF4A223AB9CE0059C000 /* DeviceInitializationParsingTests.swift */ = {isa = PBXFileReference; lastKnownFileType = sourcecode.swift; path = DeviceInitializationParsingTests.swift; sourceTree = "<group>"; };
		DCAAFF4E223ABC670059C000 /* APIClient.swift */ = {isa = PBXFileReference; lastKnownFileType = sourcecode.swift; path = APIClient.swift; sourceTree = "<group>"; };
		DCAAFF50223ACAC60059C000 /* HttpMethods.swift */ = {isa = PBXFileReference; lastKnownFileType = sourcecode.swift; path = HttpMethods.swift; sourceTree = "<group>"; };
		DCAAFF54223AE6E20059C000 /* Errors.swift */ = {isa = PBXFileReference; lastKnownFileType = sourcecode.swift; path = Errors.swift; sourceTree = "<group>"; };
		DCAAFF56223AF14B0059C000 /* Utilities.swift */ = {isa = PBXFileReference; lastKnownFileType = sourcecode.swift; path = Utilities.swift; sourceTree = "<group>"; };
		DCC00039223BE07D00236424 /* Event.swift */ = {isa = PBXFileReference; lastKnownFileType = sourcecode.swift; path = Event.swift; sourceTree = "<group>"; };
		DCC0003B223BE31F00236424 /* MultiLingualString.swift */ = {isa = PBXFileReference; lastKnownFileType = sourcecode.swift; path = MultiLingualString.swift; sourceTree = "<group>"; };
		DCC0003D223BE6D700236424 /* MultiLingualStringTests.swift */ = {isa = PBXFileReference; lastKnownFileType = sourcecode.swift; path = MultiLingualStringTests.swift; sourceTree = "<group>"; };
		DCC00040223BEAF300236424 /* EventTests.swift */ = {isa = PBXFileReference; lastKnownFileType = sourcecode.swift; path = EventTests.swift; sourceTree = "<group>"; };
		DCEF6E35223925EF009E7078 /* ConfigStore.swift */ = {isa = PBXFileReference; lastKnownFileType = sourcecode.swift; path = ConfigStore.swift; sourceTree = "<group>"; };
/* End PBXFileReference section */

/* Begin PBXFrameworksBuildPhase section */
		DC07357322392474008326F7 /* Frameworks */ = {
			isa = PBXFrameworksBuildPhase;
			buildActionMask = 2147483647;
			files = (
			);
			runOnlyForDeploymentPostprocessing = 0;
		};
		DC07358722392476008326F7 /* Frameworks */ = {
			isa = PBXFrameworksBuildPhase;
			buildActionMask = 2147483647;
			files = (
			);
			runOnlyForDeploymentPostprocessing = 0;
		};
/* End PBXFrameworksBuildPhase section */

/* Begin PBXGroup section */
		DC07356D22392474008326F7 = {
			isa = PBXGroup;
			children = (
				DCAAFF28223929B60059C000 /* README.md */,
				DCEF6E31223924F2009E7078 /* LibPretixSync */,
				DC07357822392474008326F7 /* PretixScan */,
				DC07358D22392476008326F7 /* PretixScanTests */,
				DC07357722392474008326F7 /* Products */,
			);
			sourceTree = "<group>";
		};
		DC07357722392474008326F7 /* Products */ = {
			isa = PBXGroup;
			children = (
				DC07357622392474008326F7 /* PretixScan.app */,
				DC07358A22392476008326F7 /* PretixScanTests.xctest */,
			);
			name = Products;
			sourceTree = "<group>";
		};
		DC07357822392474008326F7 /* PretixScan */ = {
			isa = PBXGroup;
			children = (
				DCAAFF3222394BE80059C000 /* Storyboards */,
				DC07357922392474008326F7 /* AppDelegate.swift */,
				DC91EB27223F9F7D00704F24 /* ConfiguredNavigationController.swift */,
				DCAAFF3022394BDD0059C000 /* ValidateTicketViewController.swift */,
				DC1D6FC5224258B6008A9E06 /* Setup */,
				DC1D6FC4224258A4008A9E06 /* Search */,
				DC07358022392476008326F7 /* Assets.xcassets */,
				DC07358522392476008326F7 /* Info.plist */,
				DCAAFF3722396EC30059C000 /* Segues.swift */,
				DCAAFF39223970090059C000 /* Localization.swift */,
				DCAAFF56223AF14B0059C000 /* Utilities.swift */,
			);
			path = PretixScan;
			sourceTree = "<group>";
		};
		DC07358D22392476008326F7 /* PretixScanTests */ = {
			isa = PBXGroup;
			children = (
				DC07359022392476008326F7 /* Info.plist */,
				DCAAFF42223AAF4C0059C000 /* HandshakeParsingTests.swift */,
				DCAAFF4A223AB9CE0059C000 /* DeviceInitializationParsingTests.swift */,
				DCC0003D223BE6D700236424 /* MultiLingualStringTests.swift */,
				DCC00040223BEAF300236424 /* EventTests.swift */,
				DC23BA4C223FD28700ED7713 /* CheckinListTests.swift */,
				DC1D6FBA2240FA16008A9E06 /* OrderPositionTests.swift */,
			);
			path = PretixScanTests;
			sourceTree = "<group>";
		};
		DC1D6FAF2240ECE6008A9E06 /* TicketValidator */ = {
			isa = PBXGroup;
			children = (
				DC1D6FB02240ECF4008A9E06 /* TicketValidator.swift */,
				DC1D6FB22240EE7A008A9E06 /* OnlineTicketValidator.swift */,
			);
			path = TicketValidator;
			sourceTree = "<group>";
		};
		DC1D6FC4224258A4008A9E06 /* Search */ = {
			isa = PBXGroup;
			children = (
				DC1D6FBE22416268008A9E06 /* SearchResultsTableViewController.swift */,
				DC1D6FC22242589B008A9E06 /* SearchResultTableViewCell.swift */,
				DC1D6FC022424CA9008A9E06 /* SearchFooterView.swift */,
			);
			path = Search;
			sourceTree = "<group>";
		};
		DC1D6FC5224258B6008A9E06 /* Setup */ = {
			isa = PBXGroup;
			children = (
				DCAAFF35223952350059C000 /* WelcomeViewController.swift */,
				DC91EB30223FA36A00704F24 /* SelectEventTableViewController.swift */,
				DC1D6FC622425B02008A9E06 /* ConnectDeviceViewController.swift */,
				DC1D6FC722425B02008A9E06 /* SelectCheckInListTableViewController.swift */,
				DC23BA51223FEB2700ED7713 /* SetupFinishedViewController.swift */,
			);
			path = Setup;
			sourceTree = "<group>";
		};
		DCAAFF3222394BE80059C000 /* Storyboards */ = {
			isa = PBXGroup;
			children = (
				DC07357D22392474008326F7 /* Main.storyboard */,
				DC07358222392476008326F7 /* LaunchScreen.storyboard */,
			);
			path = Storyboards;
			sourceTree = "<group>";
		};
		DCAAFF3F223AAB800059C000 /* Models */ = {
			isa = PBXGroup;
			children = (
				DCAAFF40223AAB8E0059C000 /* Handshake.swift */,
				DC91EB32223FAFF300704F24 /* PagedList.swift */,
				DCAAFF46223AB6A00059C000 /* DeviceInitializationRequest.swift */,
				DCAAFF48223AB8450059C000 /* DeviceInitializationResponse.swift */,
				DCC00039223BE07D00236424 /* Event.swift */,
				DC23BA4A223FCFF200ED7713 /* CheckInList.swift */,
				DCC0003B223BE31F00236424 /* MultiLingualString.swift */,
				DC1D6FB42240F689008A9E06 /* OrderPosition.swift */,
				DC1D6FB62240F82B008A9E06 /* CheckIn.swift */,
			);
			path = Models;
			sourceTree = "<group>";
		};
		DCAAFF45223AB62B0059C000 /* API Client */ = {
			isa = PBXGroup;
			children = (
				DCAAFF4E223ABC670059C000 /* APIClient.swift */,
				DCAAFF50223ACAC60059C000 /* HttpMethods.swift */,
				DCAAFF54223AE6E20059C000 /* Errors.swift */,
			);
			path = "API Client";
			sourceTree = "<group>";
		};
		DCEF6E31223924F2009E7078 /* LibPretixSync */ = {
			isa = PBXGroup;
			children = (
				DC1D6FAF2240ECE6008A9E06 /* TicketValidator */,
				DCAAFF45223AB62B0059C000 /* API Client */,
				DCAAFF3F223AAB800059C000 /* Models */,
				DCEF6E322239255B009E7078 /* ConfigStore */,
			);
			path = LibPretixSync;
			sourceTree = "<group>";
		};
		DCEF6E322239255B009E7078 /* ConfigStore */ = {
			isa = PBXGroup;
			children = (
				DCEF6E35223925EF009E7078 /* ConfigStore.swift */,
				DCAAFF2E223946180059C000 /* InMemoryConfigStore.swift */,
			);
			path = ConfigStore;
			sourceTree = "<group>";
		};
/* End PBXGroup section */

/* Begin PBXNativeTarget section */
		DC07357522392474008326F7 /* PretixScan */ = {
			isa = PBXNativeTarget;
			buildConfigurationList = DC07359322392476008326F7 /* Build configuration list for PBXNativeTarget "PretixScan" */;
			buildPhases = (
				DC07357222392474008326F7 /* Sources */,
				DCAAFF2D2239342B0059C000 /* Run Linter */,
				DC07357322392474008326F7 /* Frameworks */,
				DC07357422392474008326F7 /* Resources */,
				DCAAFF2C2239323B0059C000 /* Generate Documentation */,
			);
			buildRules = (
			);
			dependencies = (
			);
			name = PretixScan;
			productName = PretixScan;
			productReference = DC07357622392474008326F7 /* PretixScan.app */;
			productType = "com.apple.product-type.application";
		};
		DC07358922392476008326F7 /* PretixScanTests */ = {
			isa = PBXNativeTarget;
			buildConfigurationList = DC07359622392476008326F7 /* Build configuration list for PBXNativeTarget "PretixScanTests" */;
			buildPhases = (
				DC07358622392476008326F7 /* Sources */,
				DC07358722392476008326F7 /* Frameworks */,
				DC07358822392476008326F7 /* Resources */,
			);
			buildRules = (
			);
			dependencies = (
				DC07358C22392476008326F7 /* PBXTargetDependency */,
			);
			name = PretixScanTests;
			productName = PretixScanTests;
			productReference = DC07358A22392476008326F7 /* PretixScanTests.xctest */;
			productType = "com.apple.product-type.bundle.unit-test";
		};
/* End PBXNativeTarget section */

/* Begin PBXProject section */
		DC07356E22392474008326F7 /* Project object */ = {
			isa = PBXProject;
			attributes = {
				LastSwiftUpdateCheck = 1010;
				LastUpgradeCheck = 1010;
				ORGANIZATIONNAME = rami.io;
				TargetAttributes = {
					DC07357522392474008326F7 = {
						CreatedOnToolsVersion = 10.1;
					};
					DC07358922392476008326F7 = {
						CreatedOnToolsVersion = 10.1;
						TestTargetID = DC07357522392474008326F7;
					};
				};
			};
			buildConfigurationList = DC07357122392474008326F7 /* Build configuration list for PBXProject "PretixScan" */;
			compatibilityVersion = "Xcode 9.3";
			developmentRegion = en;
			hasScannedForEncodings = 0;
			knownRegions = (
				en,
				Base,
			);
			mainGroup = DC07356D22392474008326F7;
			productRefGroup = DC07357722392474008326F7 /* Products */;
			projectDirPath = "";
			projectRoot = "";
			targets = (
				DC07357522392474008326F7 /* PretixScan */,
				DC07358922392476008326F7 /* PretixScanTests */,
			);
		};
/* End PBXProject section */

/* Begin PBXResourcesBuildPhase section */
		DC07357422392474008326F7 /* Resources */ = {
			isa = PBXResourcesBuildPhase;
			buildActionMask = 2147483647;
			files = (
				DC07358422392476008326F7 /* LaunchScreen.storyboard in Resources */,
				DC07358122392476008326F7 /* Assets.xcassets in Resources */,
				DCAAFF29223929B60059C000 /* README.md in Resources */,
				DC07357F22392474008326F7 /* Main.storyboard in Resources */,
			);
			runOnlyForDeploymentPostprocessing = 0;
		};
		DC07358822392476008326F7 /* Resources */ = {
			isa = PBXResourcesBuildPhase;
			buildActionMask = 2147483647;
			files = (
			);
			runOnlyForDeploymentPostprocessing = 0;
		};
/* End PBXResourcesBuildPhase section */

/* Begin PBXShellScriptBuildPhase section */
		DCAAFF2C2239323B0059C000 /* Generate Documentation */ = {
			isa = PBXShellScriptBuildPhase;
			buildActionMask = 2147483647;
			files = (
			);
			inputFileListPaths = (
			);
			inputPaths = (
			);
			name = "Generate Documentation";
			outputFileListPaths = (
			);
			outputPaths = (
			);
			runOnlyForDeploymentPostprocessing = 0;
			shellPath = /bin/sh;
			shellScript = "set -e\n\nif ! which jazzy > /dev/null; then\necho \"warning: Jazzy is not installed. Vistit http://github.com/realm/jazzy to learn more.\"\nelse\njazzy\nfi\n";
		};
		DCAAFF2D2239342B0059C000 /* Run Linter */ = {
			isa = PBXShellScriptBuildPhase;
			buildActionMask = 2147483647;
			files = (
			);
			inputFileListPaths = (
			);
			inputPaths = (
			);
			name = "Run Linter";
			outputFileListPaths = (
			);
			outputPaths = (
			);
			runOnlyForDeploymentPostprocessing = 0;
			shellPath = /bin/sh;
			shellScript = "if which swiftlint >/dev/null; then\nswiftlint\nelse\necho \"warning: SwiftLint not installed, download from https://github.com/realm/SwiftLint\"\nfi\n";
		};
/* End PBXShellScriptBuildPhase section */

/* Begin PBXSourcesBuildPhase section */
		DC07357222392474008326F7 /* Sources */ = {
			isa = PBXSourcesBuildPhase;
			buildActionMask = 2147483647;
			files = (
				DCEF6E36223925EF009E7078 /* ConfigStore.swift in Sources */,
				DC23BA4B223FCFF200ED7713 /* CheckInList.swift in Sources */,
				DCAAFF47223AB6A00059C000 /* DeviceInitializationRequest.swift in Sources */,
				DCAAFF3822396EC30059C000 /* Segues.swift in Sources */,
				DC23BA52223FEB2700ED7713 /* SetupFinishedViewController.swift in Sources */,
				DCAAFF57223AF14B0059C000 /* Utilities.swift in Sources */,
				DCAAFF3A223970090059C000 /* Localization.swift in Sources */,
				DCC0003C223BE31F00236424 /* MultiLingualString.swift in Sources */,
				DC91EB33223FAFF300704F24 /* PagedList.swift in Sources */,
				DC1D6FB12240ECF4008A9E06 /* TicketValidator.swift in Sources */,
				DCAAFF36223952350059C000 /* WelcomeViewController.swift in Sources */,
				DC07357A22392474008326F7 /* AppDelegate.swift in Sources */,
				DC1D6FB72240F82B008A9E06 /* CheckIn.swift in Sources */,
				DC1D6FB52240F689008A9E06 /* OrderPosition.swift in Sources */,
				DCAAFF55223AE6E20059C000 /* Errors.swift in Sources */,
				DCC0003A223BE07D00236424 /* Event.swift in Sources */,
				DC1D6FBF22416268008A9E06 /* SearchResultsTableViewController.swift in Sources */,
				DCAAFF2F223946180059C000 /* InMemoryConfigStore.swift in Sources */,
				DC91EB31223FA36A00704F24 /* SelectEventTableViewController.swift in Sources */,
				DCAAFF49223AB8450059C000 /* DeviceInitializationResponse.swift in Sources */,
				DC1D6FC122424CA9008A9E06 /* SearchFooterView.swift in Sources */,
				DC1D6FB32240EE7A008A9E06 /* OnlineTicketValidator.swift in Sources */,
				DC1D6FC822425B02008A9E06 /* ConnectDeviceViewController.swift in Sources */,
				DC1D6FC922425B02008A9E06 /* SelectCheckInListTableViewController.swift in Sources */,
				DCAAFF3122394BDD0059C000 /* ValidateTicketViewController.swift in Sources */,
				DC91EB28223F9F7D00704F24 /* ConfiguredNavigationController.swift in Sources */,
				DC1D6FC32242589B008A9E06 /* SearchResultTableViewCell.swift in Sources */,
				DCAAFF41223AAB8E0059C000 /* Handshake.swift in Sources */,
				DCAAFF51223ACAC60059C000 /* HttpMethods.swift in Sources */,
				DCAAFF4F223ABC670059C000 /* APIClient.swift in Sources */,
			);
			runOnlyForDeploymentPostprocessing = 0;
		};
		DC07358622392476008326F7 /* Sources */ = {
			isa = PBXSourcesBuildPhase;
			buildActionMask = 2147483647;
			files = (
				DC1D6FBC2240FA46008A9E06 /* OrderPosition.swift in Sources */,
				DC23BA4E223FD34800ED7713 /* CheckInList.swift in Sources */,
				DCAAFF4B223AB9CE0059C000 /* DeviceInitializationParsingTests.swift in Sources */,
				DCC0003F223BE77200236424 /* MultiLingualString.swift in Sources */,
				DCAAFF4C223AB9F20059C000 /* DeviceInitializationRequest.swift in Sources */,
				DC1D6FBD2240FA49008A9E06 /* CheckIn.swift in Sources */,
				DCAAFF4D223AB9F40059C000 /* DeviceInitializationResponse.swift in Sources */,
				DCC00042223BEB3B00236424 /* Event.swift in Sources */,
				DCAAFF43223AAF4C0059C000 /* HandshakeParsingTests.swift in Sources */,
				DC1D6FBB2240FA16008A9E06 /* OrderPositionTests.swift in Sources */,
				DCC0003E223BE6D700236424 /* MultiLingualStringTests.swift in Sources */,
				DC23BA4D223FD28700ED7713 /* CheckinListTests.swift in Sources */,
				DCC00041223BEAF300236424 /* EventTests.swift in Sources */,
				DCAAFF44223AB0920059C000 /* Handshake.swift in Sources */,
			);
			runOnlyForDeploymentPostprocessing = 0;
		};
/* End PBXSourcesBuildPhase section */

/* Begin PBXTargetDependency section */
		DC07358C22392476008326F7 /* PBXTargetDependency */ = {
			isa = PBXTargetDependency;
			target = DC07357522392474008326F7 /* PretixScan */;
			targetProxy = DC07358B22392476008326F7 /* PBXContainerItemProxy */;
		};
/* End PBXTargetDependency section */

/* Begin PBXVariantGroup section */
		DC07357D22392474008326F7 /* Main.storyboard */ = {
			isa = PBXVariantGroup;
			children = (
				DC07357E22392474008326F7 /* Base */,
			);
			name = Main.storyboard;
			sourceTree = "<group>";
		};
		DC07358222392476008326F7 /* LaunchScreen.storyboard */ = {
			isa = PBXVariantGroup;
			children = (
				DC07358322392476008326F7 /* Base */,
			);
			name = LaunchScreen.storyboard;
			sourceTree = "<group>";
		};
/* End PBXVariantGroup section */

/* Begin XCBuildConfiguration section */
		DC07359122392476008326F7 /* Debug */ = {
			isa = XCBuildConfiguration;
			buildSettings = {
				ALWAYS_SEARCH_USER_PATHS = NO;
				CLANG_ANALYZER_NONNULL = YES;
				CLANG_ANALYZER_NUMBER_OBJECT_CONVERSION = YES_AGGRESSIVE;
				CLANG_CXX_LANGUAGE_STANDARD = "gnu++14";
				CLANG_CXX_LIBRARY = "libc++";
				CLANG_ENABLE_MODULES = YES;
				CLANG_ENABLE_OBJC_ARC = YES;
				CLANG_ENABLE_OBJC_WEAK = YES;
				CLANG_WARN_BLOCK_CAPTURE_AUTORELEASING = YES;
				CLANG_WARN_BOOL_CONVERSION = YES;
				CLANG_WARN_COMMA = YES;
				CLANG_WARN_CONSTANT_CONVERSION = YES;
				CLANG_WARN_DEPRECATED_OBJC_IMPLEMENTATIONS = YES;
				CLANG_WARN_DIRECT_OBJC_ISA_USAGE = YES_ERROR;
				CLANG_WARN_DOCUMENTATION_COMMENTS = YES;
				CLANG_WARN_EMPTY_BODY = YES;
				CLANG_WARN_ENUM_CONVERSION = YES;
				CLANG_WARN_INFINITE_RECURSION = YES;
				CLANG_WARN_INT_CONVERSION = YES;
				CLANG_WARN_NON_LITERAL_NULL_CONVERSION = YES;
				CLANG_WARN_OBJC_IMPLICIT_RETAIN_SELF = YES;
				CLANG_WARN_OBJC_LITERAL_CONVERSION = YES;
				CLANG_WARN_OBJC_ROOT_CLASS = YES_ERROR;
				CLANG_WARN_RANGE_LOOP_ANALYSIS = YES;
				CLANG_WARN_STRICT_PROTOTYPES = YES;
				CLANG_WARN_SUSPICIOUS_MOVE = YES;
				CLANG_WARN_UNGUARDED_AVAILABILITY = YES_AGGRESSIVE;
				CLANG_WARN_UNREACHABLE_CODE = YES;
				CLANG_WARN__DUPLICATE_METHOD_MATCH = YES;
				CODE_SIGN_IDENTITY = "iPhone Developer";
				COPY_PHASE_STRIP = NO;
				DEBUG_INFORMATION_FORMAT = dwarf;
				ENABLE_STRICT_OBJC_MSGSEND = YES;
				ENABLE_TESTABILITY = YES;
				GCC_C_LANGUAGE_STANDARD = gnu11;
				GCC_DYNAMIC_NO_PIC = NO;
				GCC_NO_COMMON_BLOCKS = YES;
				GCC_OPTIMIZATION_LEVEL = 0;
				GCC_PREPROCESSOR_DEFINITIONS = (
					"DEBUG=1",
					"$(inherited)",
				);
				GCC_WARN_64_TO_32_BIT_CONVERSION = YES;
				GCC_WARN_ABOUT_RETURN_TYPE = YES_ERROR;
				GCC_WARN_UNDECLARED_SELECTOR = YES;
				GCC_WARN_UNINITIALIZED_AUTOS = YES_AGGRESSIVE;
				GCC_WARN_UNUSED_FUNCTION = YES;
				GCC_WARN_UNUSED_VARIABLE = YES;
				IPHONEOS_DEPLOYMENT_TARGET = 12.1;
				MTL_ENABLE_DEBUG_INFO = INCLUDE_SOURCE;
				MTL_FAST_MATH = YES;
				ONLY_ACTIVE_ARCH = YES;
				SDKROOT = iphoneos;
				SWIFT_ACTIVE_COMPILATION_CONDITIONS = DEBUG;
				SWIFT_OPTIMIZATION_LEVEL = "-Onone";
			};
			name = Debug;
		};
		DC07359222392476008326F7 /* Release */ = {
			isa = XCBuildConfiguration;
			buildSettings = {
				ALWAYS_SEARCH_USER_PATHS = NO;
				CLANG_ANALYZER_NONNULL = YES;
				CLANG_ANALYZER_NUMBER_OBJECT_CONVERSION = YES_AGGRESSIVE;
				CLANG_CXX_LANGUAGE_STANDARD = "gnu++14";
				CLANG_CXX_LIBRARY = "libc++";
				CLANG_ENABLE_MODULES = YES;
				CLANG_ENABLE_OBJC_ARC = YES;
				CLANG_ENABLE_OBJC_WEAK = YES;
				CLANG_WARN_BLOCK_CAPTURE_AUTORELEASING = YES;
				CLANG_WARN_BOOL_CONVERSION = YES;
				CLANG_WARN_COMMA = YES;
				CLANG_WARN_CONSTANT_CONVERSION = YES;
				CLANG_WARN_DEPRECATED_OBJC_IMPLEMENTATIONS = YES;
				CLANG_WARN_DIRECT_OBJC_ISA_USAGE = YES_ERROR;
				CLANG_WARN_DOCUMENTATION_COMMENTS = YES;
				CLANG_WARN_EMPTY_BODY = YES;
				CLANG_WARN_ENUM_CONVERSION = YES;
				CLANG_WARN_INFINITE_RECURSION = YES;
				CLANG_WARN_INT_CONVERSION = YES;
				CLANG_WARN_NON_LITERAL_NULL_CONVERSION = YES;
				CLANG_WARN_OBJC_IMPLICIT_RETAIN_SELF = YES;
				CLANG_WARN_OBJC_LITERAL_CONVERSION = YES;
				CLANG_WARN_OBJC_ROOT_CLASS = YES_ERROR;
				CLANG_WARN_RANGE_LOOP_ANALYSIS = YES;
				CLANG_WARN_STRICT_PROTOTYPES = YES;
				CLANG_WARN_SUSPICIOUS_MOVE = YES;
				CLANG_WARN_UNGUARDED_AVAILABILITY = YES_AGGRESSIVE;
				CLANG_WARN_UNREACHABLE_CODE = YES;
				CLANG_WARN__DUPLICATE_METHOD_MATCH = YES;
				CODE_SIGN_IDENTITY = "iPhone Developer";
				COPY_PHASE_STRIP = NO;
				DEBUG_INFORMATION_FORMAT = "dwarf-with-dsym";
				ENABLE_NS_ASSERTIONS = NO;
				ENABLE_STRICT_OBJC_MSGSEND = YES;
				GCC_C_LANGUAGE_STANDARD = gnu11;
				GCC_NO_COMMON_BLOCKS = YES;
				GCC_WARN_64_TO_32_BIT_CONVERSION = YES;
				GCC_WARN_ABOUT_RETURN_TYPE = YES_ERROR;
				GCC_WARN_UNDECLARED_SELECTOR = YES;
				GCC_WARN_UNINITIALIZED_AUTOS = YES_AGGRESSIVE;
				GCC_WARN_UNUSED_FUNCTION = YES;
				GCC_WARN_UNUSED_VARIABLE = YES;
				IPHONEOS_DEPLOYMENT_TARGET = 12.1;
				MTL_ENABLE_DEBUG_INFO = NO;
				MTL_FAST_MATH = YES;
				SDKROOT = iphoneos;
				SWIFT_COMPILATION_MODE = wholemodule;
				SWIFT_OPTIMIZATION_LEVEL = "-O";
				VALIDATE_PRODUCT = YES;
			};
			name = Release;
		};
		DC07359422392476008326F7 /* Debug */ = {
			isa = XCBuildConfiguration;
			buildSettings = {
				ASSETCATALOG_COMPILER_APPICON_NAME = AppIcon;
				CODE_SIGN_STYLE = Automatic;
				DEVELOPMENT_TEAM = FL4V655A94;
				INFOPLIST_FILE = PretixScan/Info.plist;
				LD_RUNPATH_SEARCH_PATHS = (
					"$(inherited)",
					"@executable_path/Frameworks",
				);
				PRODUCT_BUNDLE_IDENTIFIER = eu.pretix.PretixScan;
				PRODUCT_NAME = "$(TARGET_NAME)";
				SWIFT_VERSION = 4.2;
				TARGETED_DEVICE_FAMILY = "1,2";
			};
			name = Debug;
		};
		DC07359522392476008326F7 /* Release */ = {
			isa = XCBuildConfiguration;
			buildSettings = {
				ASSETCATALOG_COMPILER_APPICON_NAME = AppIcon;
				CODE_SIGN_STYLE = Automatic;
				DEVELOPMENT_TEAM = FL4V655A94;
				INFOPLIST_FILE = PretixScan/Info.plist;
				LD_RUNPATH_SEARCH_PATHS = (
					"$(inherited)",
					"@executable_path/Frameworks",
				);
				PRODUCT_BUNDLE_IDENTIFIER = eu.pretix.PretixScan;
				PRODUCT_NAME = "$(TARGET_NAME)";
				SWIFT_VERSION = 4.2;
				TARGETED_DEVICE_FAMILY = "1,2";
			};
			name = Release;
		};
		DC07359722392476008326F7 /* Debug */ = {
			isa = XCBuildConfiguration;
			buildSettings = {
				ALWAYS_EMBED_SWIFT_STANDARD_LIBRARIES = YES;
				BUNDLE_LOADER = "$(TEST_HOST)";
				CODE_SIGN_STYLE = Automatic;
				DEVELOPMENT_TEAM = FL4V655A94;
				INFOPLIST_FILE = PretixScanTests/Info.plist;
				LD_RUNPATH_SEARCH_PATHS = (
					"$(inherited)",
					"@executable_path/Frameworks",
					"@loader_path/Frameworks",
				);
				PRODUCT_BUNDLE_IDENTIFIER = eu.pretix.PretixScanTests;
				PRODUCT_NAME = "$(TARGET_NAME)";
				SWIFT_VERSION = 4.2;
				TARGETED_DEVICE_FAMILY = "1,2";
				TEST_HOST = "$(BUILT_PRODUCTS_DIR)/PretixScan.app/PretixScan";
			};
			name = Debug;
		};
		DC07359822392476008326F7 /* Release */ = {
			isa = XCBuildConfiguration;
			buildSettings = {
				ALWAYS_EMBED_SWIFT_STANDARD_LIBRARIES = YES;
				BUNDLE_LOADER = "$(TEST_HOST)";
				CODE_SIGN_STYLE = Automatic;
				DEVELOPMENT_TEAM = FL4V655A94;
				INFOPLIST_FILE = PretixScanTests/Info.plist;
				LD_RUNPATH_SEARCH_PATHS = (
					"$(inherited)",
					"@executable_path/Frameworks",
					"@loader_path/Frameworks",
				);
				PRODUCT_BUNDLE_IDENTIFIER = eu.pretix.PretixScanTests;
				PRODUCT_NAME = "$(TARGET_NAME)";
				SWIFT_VERSION = 4.2;
				TARGETED_DEVICE_FAMILY = "1,2";
				TEST_HOST = "$(BUILT_PRODUCTS_DIR)/PretixScan.app/PretixScan";
			};
			name = Release;
		};
/* End XCBuildConfiguration section */

/* Begin XCConfigurationList section */
		DC07357122392474008326F7 /* Build configuration list for PBXProject "PretixScan" */ = {
			isa = XCConfigurationList;
			buildConfigurations = (
				DC07359122392476008326F7 /* Debug */,
				DC07359222392476008326F7 /* Release */,
			);
			defaultConfigurationIsVisible = 0;
			defaultConfigurationName = Release;
		};
		DC07359322392476008326F7 /* Build configuration list for PBXNativeTarget "PretixScan" */ = {
			isa = XCConfigurationList;
			buildConfigurations = (
				DC07359422392476008326F7 /* Debug */,
				DC07359522392476008326F7 /* Release */,
			);
			defaultConfigurationIsVisible = 0;
			defaultConfigurationName = Release;
		};
		DC07359622392476008326F7 /* Build configuration list for PBXNativeTarget "PretixScanTests" */ = {
			isa = XCConfigurationList;
			buildConfigurations = (
				DC07359722392476008326F7 /* Debug */,
				DC07359822392476008326F7 /* Release */,
			);
			defaultConfigurationIsVisible = 0;
			defaultConfigurationName = Release;
		};
/* End XCConfigurationList section */
	};
	rootObject = DC07356E22392474008326F7 /* Project object */;
}
