// !$*UTF8*$!
{
	archiveVersion = 1;
	classes = {
	};
	objectVersion = 50;
	objects = {

/* Begin PBXBuildFile section */
		91CCDCAF6BD0E373EC1C6934 /* Pods_PretixScan.framework in Frameworks */ = {isa = PBXBuildFile; fileRef = FC5C0DF507D9E4D055B4377E /* Pods_PretixScan.framework */; };
		DC07357A22392474008326F7 /* AppDelegate.swift in Sources */ = {isa = PBXBuildFile; fileRef = DC07357922392474008326F7 /* AppDelegate.swift */; };
		DC07357F22392474008326F7 /* Main.storyboard in Resources */ = {isa = PBXBuildFile; fileRef = DC07357D22392474008326F7 /* Main.storyboard */; };
		DC07358122392476008326F7 /* Assets.xcassets in Resources */ = {isa = PBXBuildFile; fileRef = DC07358022392476008326F7 /* Assets.xcassets */; };
		DC07358422392476008326F7 /* LaunchScreen.storyboard in Resources */ = {isa = PBXBuildFile; fileRef = DC07358222392476008326F7 /* LaunchScreen.storyboard */; };
		DC1D6FB12240ECF4008A9E06 /* TicketValidator.swift in Sources */ = {isa = PBXBuildFile; fileRef = DC1D6FB02240ECF4008A9E06 /* TicketValidator.swift */; };
		DC1D6FB32240EE7A008A9E06 /* OnlineTicketValidator.swift in Sources */ = {isa = PBXBuildFile; fileRef = DC1D6FB22240EE7A008A9E06 /* OnlineTicketValidator.swift */; };
		DC1D6FB52240F689008A9E06 /* OrderPosition.swift in Sources */ = {isa = PBXBuildFile; fileRef = DC1D6FB42240F689008A9E06 /* OrderPosition.swift */; };
		DC1D6FB72240F82B008A9E06 /* CheckIn.swift in Sources */ = {isa = PBXBuildFile; fileRef = DC1D6FB62240F82B008A9E06 /* CheckIn.swift */; };
		DC1D6FBB2240FA16008A9E06 /* OrderPositionTests.swift in Sources */ = {isa = PBXBuildFile; fileRef = DC1D6FBA2240FA16008A9E06 /* OrderPositionTests.swift */; };
		DC1D6FBC2240FA46008A9E06 /* OrderPosition.swift in Sources */ = {isa = PBXBuildFile; fileRef = DC1D6FB42240F689008A9E06 /* OrderPosition.swift */; };
		DC1D6FBD2240FA49008A9E06 /* CheckIn.swift in Sources */ = {isa = PBXBuildFile; fileRef = DC1D6FB62240F82B008A9E06 /* CheckIn.swift */; };
		DC1D6FBF22416268008A9E06 /* SearchResultsTableViewController.swift in Sources */ = {isa = PBXBuildFile; fileRef = DC1D6FBE22416268008A9E06 /* SearchResultsTableViewController.swift */; };
		DC1D6FC122424CA9008A9E06 /* SearchFooterView.swift in Sources */ = {isa = PBXBuildFile; fileRef = DC1D6FC022424CA9008A9E06 /* SearchFooterView.swift */; };
		DC1D6FC32242589B008A9E06 /* SearchResultTableViewCell.swift in Sources */ = {isa = PBXBuildFile; fileRef = DC1D6FC22242589B008A9E06 /* SearchResultTableViewCell.swift */; };
		DC1D6FC822425B02008A9E06 /* ConnectDeviceViewController.swift in Sources */ = {isa = PBXBuildFile; fileRef = DC1D6FC622425B02008A9E06 /* ConnectDeviceViewController.swift */; };
		DC1D6FC922425B02008A9E06 /* SelectCheckInListTableViewController.swift in Sources */ = {isa = PBXBuildFile; fileRef = DC1D6FC722425B02008A9E06 /* SelectCheckInListTableViewController.swift */; };
		DC1D6FCB22427B2D008A9E06 /* RedemptionRequest.swift in Sources */ = {isa = PBXBuildFile; fileRef = DC1D6FCA22427B2D008A9E06 /* RedemptionRequest.swift */; };
		DC227F2122536B5B00314448 /* AppCoordinator.swift in Sources */ = {isa = PBXBuildFile; fileRef = DC227F2022536B5B00314448 /* AppCoordinator.swift */; };
		DC227F232253700900314448 /* SetupCodeScannerViewController.swift in Sources */ = {isa = PBXBuildFile; fileRef = DC227F222253700900314448 /* SetupCodeScannerViewController.swift */; };
		DC227F2522539BF000314448 /* PrimaryButton.swift in Sources */ = {isa = PBXBuildFile; fileRef = DC227F2422539BF000314448 /* PrimaryButton.swift */; };
		DC227F272253A58400314448 /* GroupContainerView.swift in Sources */ = {isa = PBXBuildFile; fileRef = DC227F262253A58400314448 /* GroupContainerView.swift */; };
		DC227F2A2253E0AE00314448 /* LoadingIndicator.swift in Sources */ = {isa = PBXBuildFile; fileRef = DC227F292253E0AE00314448 /* LoadingIndicator.swift */; };
		DC227F2E22550B6600314448 /* DefaultsConfigStore.swift in Sources */ = {isa = PBXBuildFile; fileRef = DC227F2D22550B6600314448 /* DefaultsConfigStore.swift */; };
		DC23BA4B223FCFF200ED7713 /* CheckInList.swift in Sources */ = {isa = PBXBuildFile; fileRef = DC23BA4A223FCFF200ED7713 /* CheckInList.swift */; };
		DC23BA4D223FD28700ED7713 /* CheckinListTests.swift in Sources */ = {isa = PBXBuildFile; fileRef = DC23BA4C223FD28700ED7713 /* CheckinListTests.swift */; };
		DC23BA4E223FD34800ED7713 /* CheckInList.swift in Sources */ = {isa = PBXBuildFile; fileRef = DC23BA4A223FCFF200ED7713 /* CheckInList.swift */; };
		DC23BA52223FEB2700ED7713 /* SetupFinishedViewController.swift in Sources */ = {isa = PBXBuildFile; fileRef = DC23BA51223FEB2700ED7713 /* SetupFinishedViewController.swift */; };
		DC2F49FD22565FFE00710EFA /* FontAwesomeBarButtonItem.swift in Sources */ = {isa = PBXBuildFile; fileRef = DC2F49FC22565FFE00710EFA /* FontAwesomeBarButtonItem.swift */; };
		DC2F4A00225666A200710EFA /* SettingsTableViewController.swift in Sources */ = {isa = PBXBuildFile; fileRef = DC2F49FF225666A200710EFA /* SettingsTableViewController.swift */; };
		DC2F4A022256722100710EFA /* NotifcationManager.swift in Sources */ = {isa = PBXBuildFile; fileRef = DC2F4A012256722100710EFA /* NotifcationManager.swift */; };
		DC2F4A05225781CF00710EFA /* TicketStatusSegue.swift in Sources */ = {isa = PBXBuildFile; fileRef = DC2F4A04225781CF00710EFA /* TicketStatusSegue.swift */; };
		DC8467A7225B99590013F647 /* DataStore.swift in Sources */ = {isa = PBXBuildFile; fileRef = DC8467A6225B99590013F647 /* DataStore.swift */; };
		DC8467AA225B99A50013F647 /* SyncManager.swift in Sources */ = {isa = PBXBuildFile; fileRef = DC8467A9225B99A50013F647 /* SyncManager.swift */; };
		DC8467AC225B9EC10013F647 /* OfflineTicketValidator.swift in Sources */ = {isa = PBXBuildFile; fileRef = DC8467AB225B9EC10013F647 /* OfflineTicketValidator.swift */; };
		DC91EB28223F9F7D00704F24 /* ConfiguredNavigationController.swift in Sources */ = {isa = PBXBuildFile; fileRef = DC91EB27223F9F7D00704F24 /* ConfiguredNavigationController.swift */; };
		DC91EB31223FA36A00704F24 /* SelectEventTableViewController.swift in Sources */ = {isa = PBXBuildFile; fileRef = DC91EB30223FA36A00704F24 /* SelectEventTableViewController.swift */; };
		DC91EB33223FAFF300704F24 /* PagedList.swift in Sources */ = {isa = PBXBuildFile; fileRef = DC91EB32223FAFF300704F24 /* PagedList.swift */; };
		DCAAFF29223929B60059C000 /* README.md in Resources */ = {isa = PBXBuildFile; fileRef = DCAAFF28223929B60059C000 /* README.md */; };
		DCAAFF2F223946180059C000 /* InMemoryConfigStore.swift in Sources */ = {isa = PBXBuildFile; fileRef = DCAAFF2E223946180059C000 /* InMemoryConfigStore.swift */; };
		DCAAFF3122394BDD0059C000 /* ValidateTicketViewController.swift in Sources */ = {isa = PBXBuildFile; fileRef = DCAAFF3022394BDD0059C000 /* ValidateTicketViewController.swift */; };
		DCAAFF36223952350059C000 /* WelcomeViewController.swift in Sources */ = {isa = PBXBuildFile; fileRef = DCAAFF35223952350059C000 /* WelcomeViewController.swift */; };
		DCAAFF3822396EC30059C000 /* Segues.swift in Sources */ = {isa = PBXBuildFile; fileRef = DCAAFF3722396EC30059C000 /* Segues.swift */; };
		DCAAFF3A223970090059C000 /* Localization.swift in Sources */ = {isa = PBXBuildFile; fileRef = DCAAFF39223970090059C000 /* Localization.swift */; };
		DCAAFF41223AAB8E0059C000 /* Handshake.swift in Sources */ = {isa = PBXBuildFile; fileRef = DCAAFF40223AAB8E0059C000 /* Handshake.swift */; };
		DCAAFF43223AAF4C0059C000 /* HandshakeParsingTests.swift in Sources */ = {isa = PBXBuildFile; fileRef = DCAAFF42223AAF4C0059C000 /* HandshakeParsingTests.swift */; };
		DCAAFF44223AB0920059C000 /* Handshake.swift in Sources */ = {isa = PBXBuildFile; fileRef = DCAAFF40223AAB8E0059C000 /* Handshake.swift */; };
		DCAAFF47223AB6A00059C000 /* DeviceInitializationRequest.swift in Sources */ = {isa = PBXBuildFile; fileRef = DCAAFF46223AB6A00059C000 /* DeviceInitializationRequest.swift */; };
		DCAAFF49223AB8450059C000 /* DeviceInitializationResponse.swift in Sources */ = {isa = PBXBuildFile; fileRef = DCAAFF48223AB8450059C000 /* DeviceInitializationResponse.swift */; };
		DCAAFF4B223AB9CE0059C000 /* DeviceInitializationParsingTests.swift in Sources */ = {isa = PBXBuildFile; fileRef = DCAAFF4A223AB9CE0059C000 /* DeviceInitializationParsingTests.swift */; };
		DCAAFF4C223AB9F20059C000 /* DeviceInitializationRequest.swift in Sources */ = {isa = PBXBuildFile; fileRef = DCAAFF46223AB6A00059C000 /* DeviceInitializationRequest.swift */; };
		DCAAFF4D223AB9F40059C000 /* DeviceInitializationResponse.swift in Sources */ = {isa = PBXBuildFile; fileRef = DCAAFF48223AB8450059C000 /* DeviceInitializationResponse.swift */; };
		DCAAFF4F223ABC670059C000 /* APIClient.swift in Sources */ = {isa = PBXBuildFile; fileRef = DCAAFF4E223ABC670059C000 /* APIClient.swift */; };
		DCAAFF51223ACAC60059C000 /* HttpMethods.swift in Sources */ = {isa = PBXBuildFile; fileRef = DCAAFF50223ACAC60059C000 /* HttpMethods.swift */; };
		DCAAFF55223AE6E20059C000 /* Errors.swift in Sources */ = {isa = PBXBuildFile; fileRef = DCAAFF54223AE6E20059C000 /* Errors.swift */; };
		DCAAFF57223AF14B0059C000 /* UIViewController.swift in Sources */ = {isa = PBXBuildFile; fileRef = DCAAFF56223AF14B0059C000 /* UIViewController.swift */; };
		DCB35B8C2248E8E300860385 /* fa-solid-900.ttf in Resources */ = {isa = PBXBuildFile; fileRef = DCB35B8B2248E8D400860385 /* fa-solid-900.ttf */; };
		DCB35B8E2248EB5800860385 /* RedemptionRequestTests.swift in Sources */ = {isa = PBXBuildFile; fileRef = DCB35B8D2248EB5800860385 /* RedemptionRequestTests.swift */; };
		DCB35B8F2248EB8400860385 /* RedemptionRequest.swift in Sources */ = {isa = PBXBuildFile; fileRef = DC1D6FCA22427B2D008A9E06 /* RedemptionRequest.swift */; };
		DCB35B912248F31400860385 /* RedemptionResponse.swift in Sources */ = {isa = PBXBuildFile; fileRef = DCB35B902248F31400860385 /* RedemptionResponse.swift */; };
		DCB35B922248F65000860385 /* RedemptionResponse.swift in Sources */ = {isa = PBXBuildFile; fileRef = DCB35B902248F31400860385 /* RedemptionResponse.swift */; };
		DCB35B942248F66100860385 /* RedemptionResponseTests.swift in Sources */ = {isa = PBXBuildFile; fileRef = DCB35B932248F66100860385 /* RedemptionResponseTests.swift */; };
		DCB35B96224901BA00860385 /* CryptoHelpers.swift in Sources */ = {isa = PBXBuildFile; fileRef = DCB35B95224901BA00860385 /* CryptoHelpers.swift */; };
		DCB35B9822490B7D00860385 /* DateFormattingHelpers.swift in Sources */ = {isa = PBXBuildFile; fileRef = DCB35B9722490B7D00860385 /* DateFormattingHelpers.swift */; };
		DCB35B9922490D5200860385 /* DateFormattingHelpers.swift in Sources */ = {isa = PBXBuildFile; fileRef = DCB35B9722490B7D00860385 /* DateFormattingHelpers.swift */; };
		DCB35B9B2249402300860385 /* TicketStatusViewController.swift in Sources */ = {isa = PBXBuildFile; fileRef = DCB35B9A2249402300860385 /* TicketStatusViewController.swift */; };
		DCB35B9D2249406000860385 /* UIDevice.swift in Sources */ = {isa = PBXBuildFile; fileRef = DCB35B9C2249406000860385 /* UIDevice.swift */; };
		DCB35BA02249408800860385 /* UIAlertController.swift in Sources */ = {isa = PBXBuildFile; fileRef = DCB35B9F2249408800860385 /* UIAlertController.swift */; };
		DCC0003A223BE07D00236424 /* Event.swift in Sources */ = {isa = PBXBuildFile; fileRef = DCC00039223BE07D00236424 /* Event.swift */; };
		DCC0003C223BE31F00236424 /* MultiLingualString.swift in Sources */ = {isa = PBXBuildFile; fileRef = DCC0003B223BE31F00236424 /* MultiLingualString.swift */; };
		DCC0003E223BE6D700236424 /* MultiLingualStringTests.swift in Sources */ = {isa = PBXBuildFile; fileRef = DCC0003D223BE6D700236424 /* MultiLingualStringTests.swift */; };
		DCC0003F223BE77200236424 /* MultiLingualString.swift in Sources */ = {isa = PBXBuildFile; fileRef = DCC0003B223BE31F00236424 /* MultiLingualString.swift */; };
		DCC00041223BEAF300236424 /* EventTests.swift in Sources */ = {isa = PBXBuildFile; fileRef = DCC00040223BEAF300236424 /* EventTests.swift */; };
		DCC00042223BEB3B00236424 /* Event.swift in Sources */ = {isa = PBXBuildFile; fileRef = DCC00039223BE07D00236424 /* Event.swift */; };
		DCDD82CB224AB1A400DC0200 /* Icon.swift in Sources */ = {isa = PBXBuildFile; fileRef = DCDD82CA224AB1A400DC0200 /* Icon.swift */; };
		DCDD82CD224AB25900DC0200 /* Color.swift in Sources */ = {isa = PBXBuildFile; fileRef = DCDD82CC224AB25900DC0200 /* Color.swift */; };
		DCDD82CF224BB96E00DC0200 /* CheckInListStatus.swift in Sources */ = {isa = PBXBuildFile; fileRef = DCDD82CE224BB96E00DC0200 /* CheckInListStatus.swift */; };
		DCDD82D1224BBD7600DC0200 /* CheckListStatusTests.swift in Sources */ = {isa = PBXBuildFile; fileRef = DCDD82D0224BBD7600DC0200 /* CheckListStatusTests.swift */; };
		DCDD82D2224BBDAB00DC0200 /* CheckInListStatus.swift in Sources */ = {isa = PBXBuildFile; fileRef = DCDD82CE224BB96E00DC0200 /* CheckInListStatus.swift */; };
		DCDD82D4224BC99300DC0200 /* CheckInStatusTableViewController.swift in Sources */ = {isa = PBXBuildFile; fileRef = DCDD82D3224BC99300DC0200 /* CheckInStatusTableViewController.swift */; };
		DCDD82D6224BCBA000DC0200 /* CheckInStatusOverviewTableViewCell.swift in Sources */ = {isa = PBXBuildFile; fileRef = DCDD82D5224BCBA000DC0200 /* CheckInStatusOverviewTableViewCell.swift */; };
		DCDD82D8224BCBC600DC0200 /* SimpleCheckInStatusItemTableViewCell.swift in Sources */ = {isa = PBXBuildFile; fileRef = DCDD82D7224BCBC600DC0200 /* SimpleCheckInStatusItemTableViewCell.swift */; };
		DCDD82DA224BCBDE00DC0200 /* AdvancedCheckInStatusItemTableViewCell.swift in Sources */ = {isa = PBXBuildFile; fileRef = DCDD82D9224BCBDE00DC0200 /* AdvancedCheckInStatusItemTableViewCell.swift */; };
		DCDD82DD224BDE7E00DC0200 /* ItemVariationTableViewCell.swift in Sources */ = {isa = PBXBuildFile; fileRef = DCDD82DC224BDE7E00DC0200 /* ItemVariationTableViewCell.swift */; };
		DCDD82DF224C169E00DC0200 /* ScannerViewController.swift in Sources */ = {isa = PBXBuildFile; fileRef = DCDD82DE224C169E00DC0200 /* ScannerViewController.swift */; };
		DCDD82E1224C19D800DC0200 /* TicketScannerViewController.swift in Sources */ = {isa = PBXBuildFile; fileRef = DCDD82E0224C19D800DC0200 /* TicketScannerViewController.swift */; };
		DCEF6E36223925EF009E7078 /* ConfigStore.swift in Sources */ = {isa = PBXBuildFile; fileRef = DCEF6E35223925EF009E7078 /* ConfigStore.swift */; };
		E9868185F74A414F3652D330 /* Pods_PretixScanTests.framework in Frameworks */ = {isa = PBXBuildFile; fileRef = 09C215A8771288BF250B5EC1 /* Pods_PretixScanTests.framework */; };
/* End PBXBuildFile section */

/* Begin PBXContainerItemProxy section */
		DC07358B22392476008326F7 /* PBXContainerItemProxy */ = {
			isa = PBXContainerItemProxy;
			containerPortal = DC07356E22392474008326F7 /* Project object */;
			proxyType = 1;
			remoteGlobalIDString = DC07357522392474008326F7;
			remoteInfo = PretixScan;
		};
/* End PBXContainerItemProxy section */

/* Begin PBXFileReference section */
		09C215A8771288BF250B5EC1 /* Pods_PretixScanTests.framework */ = {isa = PBXFileReference; explicitFileType = wrapper.framework; includeInIndex = 0; path = Pods_PretixScanTests.framework; sourceTree = BUILT_PRODUCTS_DIR; };
		1F8337068DC28D5BB74F8AD9 /* Pods-PretixScanTests.release.xcconfig */ = {isa = PBXFileReference; includeInIndex = 1; lastKnownFileType = text.xcconfig; name = "Pods-PretixScanTests.release.xcconfig"; path = "Target Support Files/Pods-PretixScanTests/Pods-PretixScanTests.release.xcconfig"; sourceTree = "<group>"; };
		21519C9F8BA4033B8E89C05F /* Pods-PretixScan.debug.xcconfig */ = {isa = PBXFileReference; includeInIndex = 1; lastKnownFileType = text.xcconfig; name = "Pods-PretixScan.debug.xcconfig"; path = "Target Support Files/Pods-PretixScan/Pods-PretixScan.debug.xcconfig"; sourceTree = "<group>"; };
		BDF1F626BB1093C36D3971D4 /* Pods-PretixScan.release.xcconfig */ = {isa = PBXFileReference; includeInIndex = 1; lastKnownFileType = text.xcconfig; name = "Pods-PretixScan.release.xcconfig"; path = "Target Support Files/Pods-PretixScan/Pods-PretixScan.release.xcconfig"; sourceTree = "<group>"; };
		D28DFC6AAE75B94ADDD0D1CC /* Pods-PretixScanTests.debug.xcconfig */ = {isa = PBXFileReference; includeInIndex = 1; lastKnownFileType = text.xcconfig; name = "Pods-PretixScanTests.debug.xcconfig"; path = "Target Support Files/Pods-PretixScanTests/Pods-PretixScanTests.debug.xcconfig"; sourceTree = "<group>"; };
		DC07357622392474008326F7 /* PretixScan.app */ = {isa = PBXFileReference; explicitFileType = wrapper.application; includeInIndex = 0; path = PretixScan.app; sourceTree = BUILT_PRODUCTS_DIR; };
		DC07357922392474008326F7 /* AppDelegate.swift */ = {isa = PBXFileReference; lastKnownFileType = sourcecode.swift; path = AppDelegate.swift; sourceTree = "<group>"; };
		DC07357E22392474008326F7 /* Base */ = {isa = PBXFileReference; lastKnownFileType = file.storyboard; name = Base; path = Base.lproj/Main.storyboard; sourceTree = "<group>"; };
		DC07358022392476008326F7 /* Assets.xcassets */ = {isa = PBXFileReference; lastKnownFileType = folder.assetcatalog; path = Assets.xcassets; sourceTree = "<group>"; };
		DC07358322392476008326F7 /* Base */ = {isa = PBXFileReference; lastKnownFileType = file.storyboard; name = Base; path = Base.lproj/LaunchScreen.storyboard; sourceTree = "<group>"; };
		DC07358522392476008326F7 /* Info.plist */ = {isa = PBXFileReference; lastKnownFileType = text.plist.xml; path = Info.plist; sourceTree = "<group>"; };
		DC07358A22392476008326F7 /* PretixScanTests.xctest */ = {isa = PBXFileReference; explicitFileType = wrapper.cfbundle; includeInIndex = 0; path = PretixScanTests.xctest; sourceTree = BUILT_PRODUCTS_DIR; };
		DC07359022392476008326F7 /* Info.plist */ = {isa = PBXFileReference; lastKnownFileType = text.plist.xml; path = Info.plist; sourceTree = "<group>"; };
		DC1D6FB02240ECF4008A9E06 /* TicketValidator.swift */ = {isa = PBXFileReference; lastKnownFileType = sourcecode.swift; path = TicketValidator.swift; sourceTree = "<group>"; };
		DC1D6FB22240EE7A008A9E06 /* OnlineTicketValidator.swift */ = {isa = PBXFileReference; lastKnownFileType = sourcecode.swift; path = OnlineTicketValidator.swift; sourceTree = "<group>"; };
		DC1D6FB42240F689008A9E06 /* OrderPosition.swift */ = {isa = PBXFileReference; lastKnownFileType = sourcecode.swift; path = OrderPosition.swift; sourceTree = "<group>"; };
		DC1D6FB62240F82B008A9E06 /* CheckIn.swift */ = {isa = PBXFileReference; lastKnownFileType = sourcecode.swift; path = CheckIn.swift; sourceTree = "<group>"; };
		DC1D6FBA2240FA16008A9E06 /* OrderPositionTests.swift */ = {isa = PBXFileReference; lastKnownFileType = sourcecode.swift; path = OrderPositionTests.swift; sourceTree = "<group>"; };
		DC1D6FBE22416268008A9E06 /* SearchResultsTableViewController.swift */ = {isa = PBXFileReference; lastKnownFileType = sourcecode.swift; path = SearchResultsTableViewController.swift; sourceTree = "<group>"; };
		DC1D6FC022424CA9008A9E06 /* SearchFooterView.swift */ = {isa = PBXFileReference; lastKnownFileType = sourcecode.swift; path = SearchFooterView.swift; sourceTree = "<group>"; };
		DC1D6FC22242589B008A9E06 /* SearchResultTableViewCell.swift */ = {isa = PBXFileReference; lastKnownFileType = sourcecode.swift; path = SearchResultTableViewCell.swift; sourceTree = "<group>"; };
		DC1D6FC622425B02008A9E06 /* ConnectDeviceViewController.swift */ = {isa = PBXFileReference; fileEncoding = 4; lastKnownFileType = sourcecode.swift; path = ConnectDeviceViewController.swift; sourceTree = "<group>"; };
		DC1D6FC722425B02008A9E06 /* SelectCheckInListTableViewController.swift */ = {isa = PBXFileReference; fileEncoding = 4; lastKnownFileType = sourcecode.swift; path = SelectCheckInListTableViewController.swift; sourceTree = "<group>"; };
		DC1D6FCA22427B2D008A9E06 /* RedemptionRequest.swift */ = {isa = PBXFileReference; lastKnownFileType = sourcecode.swift; path = RedemptionRequest.swift; sourceTree = "<group>"; };
		DC227F2022536B5B00314448 /* AppCoordinator.swift */ = {isa = PBXFileReference; lastKnownFileType = sourcecode.swift; path = AppCoordinator.swift; sourceTree = "<group>"; };
		DC227F222253700900314448 /* SetupCodeScannerViewController.swift */ = {isa = PBXFileReference; lastKnownFileType = sourcecode.swift; path = SetupCodeScannerViewController.swift; sourceTree = "<group>"; };
		DC227F2422539BF000314448 /* PrimaryButton.swift */ = {isa = PBXFileReference; lastKnownFileType = sourcecode.swift; path = PrimaryButton.swift; sourceTree = "<group>"; };
		DC227F262253A58400314448 /* GroupContainerView.swift */ = {isa = PBXFileReference; lastKnownFileType = sourcecode.swift; path = GroupContainerView.swift; sourceTree = "<group>"; };
		DC227F292253E0AE00314448 /* LoadingIndicator.swift */ = {isa = PBXFileReference; lastKnownFileType = sourcecode.swift; path = LoadingIndicator.swift; sourceTree = "<group>"; };
		DC227F2D22550B6600314448 /* DefaultsConfigStore.swift */ = {isa = PBXFileReference; lastKnownFileType = sourcecode.swift; path = DefaultsConfigStore.swift; sourceTree = "<group>"; };
		DC23BA4A223FCFF200ED7713 /* CheckInList.swift */ = {isa = PBXFileReference; lastKnownFileType = sourcecode.swift; path = CheckInList.swift; sourceTree = "<group>"; };
		DC23BA4C223FD28700ED7713 /* CheckinListTests.swift */ = {isa = PBXFileReference; lastKnownFileType = sourcecode.swift; path = CheckinListTests.swift; sourceTree = "<group>"; };
		DC23BA51223FEB2700ED7713 /* SetupFinishedViewController.swift */ = {isa = PBXFileReference; lastKnownFileType = sourcecode.swift; path = SetupFinishedViewController.swift; sourceTree = "<group>"; };
		DC2F49FC22565FFE00710EFA /* FontAwesomeBarButtonItem.swift */ = {isa = PBXFileReference; lastKnownFileType = sourcecode.swift; path = FontAwesomeBarButtonItem.swift; sourceTree = "<group>"; };
		DC2F49FF225666A200710EFA /* SettingsTableViewController.swift */ = {isa = PBXFileReference; lastKnownFileType = sourcecode.swift; path = SettingsTableViewController.swift; sourceTree = "<group>"; };
		DC2F4A012256722100710EFA /* NotifcationManager.swift */ = {isa = PBXFileReference; lastKnownFileType = sourcecode.swift; path = NotifcationManager.swift; sourceTree = "<group>"; };
		DC2F4A04225781CF00710EFA /* TicketStatusSegue.swift */ = {isa = PBXFileReference; lastKnownFileType = sourcecode.swift; path = TicketStatusSegue.swift; sourceTree = "<group>"; };
		DC8467A6225B99590013F647 /* DataStore.swift */ = {isa = PBXFileReference; lastKnownFileType = sourcecode.swift; path = DataStore.swift; sourceTree = "<group>"; };
		DC8467A9225B99A50013F647 /* SyncManager.swift */ = {isa = PBXFileReference; lastKnownFileType = sourcecode.swift; path = SyncManager.swift; sourceTree = "<group>"; };
		DC8467AB225B9EC10013F647 /* OfflineTicketValidator.swift */ = {isa = PBXFileReference; lastKnownFileType = sourcecode.swift; path = OfflineTicketValidator.swift; sourceTree = "<group>"; };
		DC91EB27223F9F7D00704F24 /* ConfiguredNavigationController.swift */ = {isa = PBXFileReference; lastKnownFileType = sourcecode.swift; path = ConfiguredNavigationController.swift; sourceTree = "<group>"; };
		DC91EB30223FA36A00704F24 /* SelectEventTableViewController.swift */ = {isa = PBXFileReference; lastKnownFileType = sourcecode.swift; path = SelectEventTableViewController.swift; sourceTree = "<group>"; };
		DC91EB32223FAFF300704F24 /* PagedList.swift */ = {isa = PBXFileReference; lastKnownFileType = sourcecode.swift; path = PagedList.swift; sourceTree = "<group>"; };
		DCAAFF28223929B60059C000 /* README.md */ = {isa = PBXFileReference; fileEncoding = 4; lastKnownFileType = net.daringfireball.markdown; path = README.md; sourceTree = "<group>"; };
		DCAAFF2E223946180059C000 /* InMemoryConfigStore.swift */ = {isa = PBXFileReference; fileEncoding = 4; lastKnownFileType = sourcecode.swift; path = InMemoryConfigStore.swift; sourceTree = "<group>"; };
		DCAAFF3022394BDD0059C000 /* ValidateTicketViewController.swift */ = {isa = PBXFileReference; lastKnownFileType = sourcecode.swift; path = ValidateTicketViewController.swift; sourceTree = "<group>"; };
		DCAAFF35223952350059C000 /* WelcomeViewController.swift */ = {isa = PBXFileReference; lastKnownFileType = sourcecode.swift; path = WelcomeViewController.swift; sourceTree = "<group>"; };
		DCAAFF3722396EC30059C000 /* Segues.swift */ = {isa = PBXFileReference; lastKnownFileType = sourcecode.swift; path = Segues.swift; sourceTree = "<group>"; };
		DCAAFF39223970090059C000 /* Localization.swift */ = {isa = PBXFileReference; lastKnownFileType = sourcecode.swift; path = Localization.swift; sourceTree = "<group>"; };
		DCAAFF40223AAB8E0059C000 /* Handshake.swift */ = {isa = PBXFileReference; lastKnownFileType = sourcecode.swift; path = Handshake.swift; sourceTree = "<group>"; };
		DCAAFF42223AAF4C0059C000 /* HandshakeParsingTests.swift */ = {isa = PBXFileReference; lastKnownFileType = sourcecode.swift; path = HandshakeParsingTests.swift; sourceTree = "<group>"; };
		DCAAFF46223AB6A00059C000 /* DeviceInitializationRequest.swift */ = {isa = PBXFileReference; lastKnownFileType = sourcecode.swift; path = DeviceInitializationRequest.swift; sourceTree = "<group>"; };
		DCAAFF48223AB8450059C000 /* DeviceInitializationResponse.swift */ = {isa = PBXFileReference; lastKnownFileType = sourcecode.swift; path = DeviceInitializationResponse.swift; sourceTree = "<group>"; };
		DCAAFF4A223AB9CE0059C000 /* DeviceInitializationParsingTests.swift */ = {isa = PBXFileReference; lastKnownFileType = sourcecode.swift; path = DeviceInitializationParsingTests.swift; sourceTree = "<group>"; };
		DCAAFF4E223ABC670059C000 /* APIClient.swift */ = {isa = PBXFileReference; lastKnownFileType = sourcecode.swift; path = APIClient.swift; sourceTree = "<group>"; };
		DCAAFF50223ACAC60059C000 /* HttpMethods.swift */ = {isa = PBXFileReference; lastKnownFileType = sourcecode.swift; path = HttpMethods.swift; sourceTree = "<group>"; };
		DCAAFF54223AE6E20059C000 /* Errors.swift */ = {isa = PBXFileReference; lastKnownFileType = sourcecode.swift; path = Errors.swift; sourceTree = "<group>"; };
		DCAAFF56223AF14B0059C000 /* UIViewController.swift */ = {isa = PBXFileReference; lastKnownFileType = sourcecode.swift; path = UIViewController.swift; sourceTree = "<group>"; };
		DCB35B8B2248E8D400860385 /* fa-solid-900.ttf */ = {isa = PBXFileReference; lastKnownFileType = file; path = "fa-solid-900.ttf"; sourceTree = "<group>"; };
		DCB35B8D2248EB5800860385 /* RedemptionRequestTests.swift */ = {isa = PBXFileReference; lastKnownFileType = sourcecode.swift; path = RedemptionRequestTests.swift; sourceTree = "<group>"; };
		DCB35B902248F31400860385 /* RedemptionResponse.swift */ = {isa = PBXFileReference; lastKnownFileType = sourcecode.swift; path = RedemptionResponse.swift; sourceTree = "<group>"; };
		DCB35B932248F66100860385 /* RedemptionResponseTests.swift */ = {isa = PBXFileReference; lastKnownFileType = sourcecode.swift; path = RedemptionResponseTests.swift; sourceTree = "<group>"; };
		DCB35B95224901BA00860385 /* CryptoHelpers.swift */ = {isa = PBXFileReference; lastKnownFileType = sourcecode.swift; path = CryptoHelpers.swift; sourceTree = "<group>"; };
		DCB35B9722490B7D00860385 /* DateFormattingHelpers.swift */ = {isa = PBXFileReference; lastKnownFileType = sourcecode.swift; path = DateFormattingHelpers.swift; sourceTree = "<group>"; };
		DCB35B9A2249402300860385 /* TicketStatusViewController.swift */ = {isa = PBXFileReference; lastKnownFileType = sourcecode.swift; path = TicketStatusViewController.swift; sourceTree = "<group>"; };
		DCB35B9C2249406000860385 /* UIDevice.swift */ = {isa = PBXFileReference; lastKnownFileType = sourcecode.swift; path = UIDevice.swift; sourceTree = "<group>"; };
		DCB35B9F2249408800860385 /* UIAlertController.swift */ = {isa = PBXFileReference; lastKnownFileType = sourcecode.swift; path = UIAlertController.swift; sourceTree = "<group>"; };
		DCC00039223BE07D00236424 /* Event.swift */ = {isa = PBXFileReference; lastKnownFileType = sourcecode.swift; path = Event.swift; sourceTree = "<group>"; };
		DCC0003B223BE31F00236424 /* MultiLingualString.swift */ = {isa = PBXFileReference; lastKnownFileType = sourcecode.swift; path = MultiLingualString.swift; sourceTree = "<group>"; };
		DCC0003D223BE6D700236424 /* MultiLingualStringTests.swift */ = {isa = PBXFileReference; lastKnownFileType = sourcecode.swift; path = MultiLingualStringTests.swift; sourceTree = "<group>"; };
		DCC00040223BEAF300236424 /* EventTests.swift */ = {isa = PBXFileReference; lastKnownFileType = sourcecode.swift; path = EventTests.swift; sourceTree = "<group>"; };
		DCDD82CA224AB1A400DC0200 /* Icon.swift */ = {isa = PBXFileReference; lastKnownFileType = sourcecode.swift; path = Icon.swift; sourceTree = "<group>"; };
		DCDD82CC224AB25900DC0200 /* Color.swift */ = {isa = PBXFileReference; lastKnownFileType = sourcecode.swift; path = Color.swift; sourceTree = "<group>"; };
		DCDD82CE224BB96E00DC0200 /* CheckInListStatus.swift */ = {isa = PBXFileReference; lastKnownFileType = sourcecode.swift; path = CheckInListStatus.swift; sourceTree = "<group>"; };
		DCDD82D0224BBD7600DC0200 /* CheckListStatusTests.swift */ = {isa = PBXFileReference; lastKnownFileType = sourcecode.swift; path = CheckListStatusTests.swift; sourceTree = "<group>"; };
		DCDD82D3224BC99300DC0200 /* CheckInStatusTableViewController.swift */ = {isa = PBXFileReference; lastKnownFileType = sourcecode.swift; path = CheckInStatusTableViewController.swift; sourceTree = "<group>"; };
		DCDD82D5224BCBA000DC0200 /* CheckInStatusOverviewTableViewCell.swift */ = {isa = PBXFileReference; lastKnownFileType = sourcecode.swift; path = CheckInStatusOverviewTableViewCell.swift; sourceTree = "<group>"; };
		DCDD82D7224BCBC600DC0200 /* SimpleCheckInStatusItemTableViewCell.swift */ = {isa = PBXFileReference; lastKnownFileType = sourcecode.swift; path = SimpleCheckInStatusItemTableViewCell.swift; sourceTree = "<group>"; };
		DCDD82D9224BCBDE00DC0200 /* AdvancedCheckInStatusItemTableViewCell.swift */ = {isa = PBXFileReference; lastKnownFileType = sourcecode.swift; path = AdvancedCheckInStatusItemTableViewCell.swift; sourceTree = "<group>"; };
		DCDD82DC224BDE7E00DC0200 /* ItemVariationTableViewCell.swift */ = {isa = PBXFileReference; lastKnownFileType = sourcecode.swift; path = ItemVariationTableViewCell.swift; sourceTree = "<group>"; };
		DCDD82DE224C169E00DC0200 /* ScannerViewController.swift */ = {isa = PBXFileReference; lastKnownFileType = sourcecode.swift; path = ScannerViewController.swift; sourceTree = "<group>"; };
		DCDD82E0224C19D800DC0200 /* TicketScannerViewController.swift */ = {isa = PBXFileReference; lastKnownFileType = sourcecode.swift; path = TicketScannerViewController.swift; sourceTree = "<group>"; };
		DCEF6E35223925EF009E7078 /* ConfigStore.swift */ = {isa = PBXFileReference; lastKnownFileType = sourcecode.swift; path = ConfigStore.swift; sourceTree = "<group>"; };
		FC5C0DF507D9E4D055B4377E /* Pods_PretixScan.framework */ = {isa = PBXFileReference; explicitFileType = wrapper.framework; includeInIndex = 0; path = Pods_PretixScan.framework; sourceTree = BUILT_PRODUCTS_DIR; };
/* End PBXFileReference section */

/* Begin PBXFrameworksBuildPhase section */
		DC07357322392474008326F7 /* Frameworks */ = {
			isa = PBXFrameworksBuildPhase;
			buildActionMask = 2147483647;
			files = (
				91CCDCAF6BD0E373EC1C6934 /* Pods_PretixScan.framework in Frameworks */,
			);
			runOnlyForDeploymentPostprocessing = 0;
		};
		DC07358722392476008326F7 /* Frameworks */ = {
			isa = PBXFrameworksBuildPhase;
			buildActionMask = 2147483647;
			files = (
				E9868185F74A414F3652D330 /* Pods_PretixScanTests.framework in Frameworks */,
			);
			runOnlyForDeploymentPostprocessing = 0;
		};
/* End PBXFrameworksBuildPhase section */

/* Begin PBXGroup section */
		28A432BB3FF806F2EDB1FE73 /* Frameworks */ = {
			isa = PBXGroup;
			children = (
				FC5C0DF507D9E4D055B4377E /* Pods_PretixScan.framework */,
				09C215A8771288BF250B5EC1 /* Pods_PretixScanTests.framework */,
			);
			name = Frameworks;
			sourceTree = "<group>";
		};
		A6C5D16AFBC1EE32D87B8211 /* Pods */ = {
			isa = PBXGroup;
			children = (
				21519C9F8BA4033B8E89C05F /* Pods-PretixScan.debug.xcconfig */,
				BDF1F626BB1093C36D3971D4 /* Pods-PretixScan.release.xcconfig */,
				D28DFC6AAE75B94ADDD0D1CC /* Pods-PretixScanTests.debug.xcconfig */,
				1F8337068DC28D5BB74F8AD9 /* Pods-PretixScanTests.release.xcconfig */,
			);
			path = Pods;
			sourceTree = "<group>";
		};
		DC07356D22392474008326F7 = {
			isa = PBXGroup;
			children = (
				DCAAFF28223929B60059C000 /* README.md */,
				DCEF6E31223924F2009E7078 /* LibPretixSync */,
				DC07357822392474008326F7 /* PretixScan */,
				DC07358D22392476008326F7 /* PretixScanTests */,
				DC07357722392474008326F7 /* Products */,
				A6C5D16AFBC1EE32D87B8211 /* Pods */,
				28A432BB3FF806F2EDB1FE73 /* Frameworks */,
			);
			sourceTree = "<group>";
		};
		DC07357722392474008326F7 /* Products */ = {
			isa = PBXGroup;
			children = (
				DC07357622392474008326F7 /* PretixScan.app */,
				DC07358A22392476008326F7 /* PretixScanTests.xctest */,
			);
			name = Products;
			sourceTree = "<group>";
		};
		DC07357822392474008326F7 /* PretixScan */ = {
			isa = PBXGroup;
			children = (
				DCAAFF3222394BE80059C000 /* Storyboards */,
				DC07357922392474008326F7 /* AppDelegate.swift */,
				DCAAFF3022394BDD0059C000 /* ValidateTicketViewController.swift */,
				DC1D6FC5224258B6008A9E06 /* Setup */,
				DC227F1F22536AFE00314448 /* Ticket Scanning */,
				DC1D6FC4224258A4008A9E06 /* Search */,
				DCDD82DB224BCBEB00DC0200 /* CheckIn Status */,
				DC2F49FE2256669100710EFA /* Settings */,
				DC227F282253A58E00314448 /* UIView Subclasses */,
				DC07358022392476008326F7 /* Assets.xcassets */,
				DCB35B8B2248E8D400860385 /* fa-solid-900.ttf */,
				DC07358522392476008326F7 /* Info.plist */,
				DCDD82CA224AB1A400DC0200 /* Icon.swift */,
				DCDD82CC224AB25900DC0200 /* Color.swift */,
				DC2F4A03225781B100710EFA /* Segues */,
				DCAAFF39223970090059C000 /* Localization.swift */,
				DCB35B9E2249407300860385 /* Utilities */,
				DC2F4A012256722100710EFA /* NotifcationManager.swift */,
			);
			path = PretixScan;
			sourceTree = "<group>";
		};
		DC07358D22392476008326F7 /* PretixScanTests */ = {
			isa = PBXGroup;
			children = (
				DC07359022392476008326F7 /* Info.plist */,
				DCAAFF42223AAF4C0059C000 /* HandshakeParsingTests.swift */,
				DCAAFF4A223AB9CE0059C000 /* DeviceInitializationParsingTests.swift */,
				DCC0003D223BE6D700236424 /* MultiLingualStringTests.swift */,
				DCC00040223BEAF300236424 /* EventTests.swift */,
				DC23BA4C223FD28700ED7713 /* CheckinListTests.swift */,
				DC1D6FBA2240FA16008A9E06 /* OrderPositionTests.swift */,
				DCB35B8D2248EB5800860385 /* RedemptionRequestTests.swift */,
				DCB35B932248F66100860385 /* RedemptionResponseTests.swift */,
				DCDD82D0224BBD7600DC0200 /* CheckListStatusTests.swift */,
			);
			path = PretixScanTests;
			sourceTree = "<group>";
		};
		DC1D6FAF2240ECE6008A9E06 /* TicketValidator */ = {
			isa = PBXGroup;
			children = (
				DC1D6FB02240ECF4008A9E06 /* TicketValidator.swift */,
				DC1D6FB22240EE7A008A9E06 /* OnlineTicketValidator.swift */,
				DC8467AB225B9EC10013F647 /* OfflineTicketValidator.swift */,
			);
			path = TicketValidator;
			sourceTree = "<group>";
		};
		DC1D6FC4224258A4008A9E06 /* Search */ = {
			isa = PBXGroup;
			children = (
				DC1D6FBE22416268008A9E06 /* SearchResultsTableViewController.swift */,
				DC1D6FC22242589B008A9E06 /* SearchResultTableViewCell.swift */,
				DC1D6FC022424CA9008A9E06 /* SearchFooterView.swift */,
			);
			path = Search;
			sourceTree = "<group>";
		};
		DC1D6FC5224258B6008A9E06 /* Setup */ = {
			isa = PBXGroup;
			children = (
				DCAAFF35223952350059C000 /* WelcomeViewController.swift */,
				DC1D6FC622425B02008A9E06 /* ConnectDeviceViewController.swift */,
				DC227F222253700900314448 /* SetupCodeScannerViewController.swift */,
				DC91EB30223FA36A00704F24 /* SelectEventTableViewController.swift */,
				DC1D6FC722425B02008A9E06 /* SelectCheckInListTableViewController.swift */,
				DC23BA51223FEB2700ED7713 /* SetupFinishedViewController.swift */,
			);
			path = Setup;
			sourceTree = "<group>";
		};
		DC227F1F22536AFE00314448 /* Ticket Scanning */ = {
			isa = PBXGroup;
			children = (
				DCB35B9A2249402300860385 /* TicketStatusViewController.swift */,
				DCDD82E0224C19D800DC0200 /* TicketScannerViewController.swift */,
			);
			path = "Ticket Scanning";
			sourceTree = "<group>";
		};
		DC227F282253A58E00314448 /* UIView Subclasses */ = {
			isa = PBXGroup;
			children = (
				DCDD82DE224C169E00DC0200 /* ScannerViewController.swift */,
				DC227F262253A58400314448 /* GroupContainerView.swift */,
				DC227F2422539BF000314448 /* PrimaryButton.swift */,
				DC227F292253E0AE00314448 /* LoadingIndicator.swift */,
				DC2F49FC22565FFE00710EFA /* FontAwesomeBarButtonItem.swift */,
			);
			path = "UIView Subclasses";
			sourceTree = "<group>";
		};
		DC2F49FE2256669100710EFA /* Settings */ = {
			isa = PBXGroup;
			children = (
				DC2F49FF225666A200710EFA /* SettingsTableViewController.swift */,
			);
			path = Settings;
			sourceTree = "<group>";
		};
		DC2F4A03225781B100710EFA /* Segues */ = {
			isa = PBXGroup;
			children = (
				DCAAFF3722396EC30059C000 /* Segues.swift */,
				DC2F4A04225781CF00710EFA /* TicketStatusSegue.swift */,
			);
			path = Segues;
			sourceTree = "<group>";
		};
		DC8467A5225B7FC70013F647 /* DataStore */ = {
			isa = PBXGroup;
			children = (
				DC8467A6225B99590013F647 /* DataStore.swift */,
			);
			path = DataStore;
			sourceTree = "<group>";
		};
		DC8467A8225B99960013F647 /* SyncManager */ = {
			isa = PBXGroup;
			children = (
				DC8467A9225B99A50013F647 /* SyncManager.swift */,
			);
			path = SyncManager;
			sourceTree = "<group>";
		};
		DCAAFF3222394BE80059C000 /* Storyboards */ = {
			isa = PBXGroup;
			children = (
				DC07357D22392474008326F7 /* Main.storyboard */,
				DC07358222392476008326F7 /* LaunchScreen.storyboard */,
			);
			path = Storyboards;
			sourceTree = "<group>";
		};
		DCAAFF3F223AAB800059C000 /* Models */ = {
			isa = PBXGroup;
			children = (
				DCAAFF40223AAB8E0059C000 /* Handshake.swift */,
				DC91EB32223FAFF300704F24 /* PagedList.swift */,
				DCAAFF46223AB6A00059C000 /* DeviceInitializationRequest.swift */,
				DCAAFF48223AB8450059C000 /* DeviceInitializationResponse.swift */,
				DCC00039223BE07D00236424 /* Event.swift */,
				DC23BA4A223FCFF200ED7713 /* CheckInList.swift */,
				DCC0003B223BE31F00236424 /* MultiLingualString.swift */,
				DC1D6FB42240F689008A9E06 /* OrderPosition.swift */,
				DC1D6FB62240F82B008A9E06 /* CheckIn.swift */,
				DC1D6FCA22427B2D008A9E06 /* RedemptionRequest.swift */,
				DCB35B902248F31400860385 /* RedemptionResponse.swift */,
				DCDD82CE224BB96E00DC0200 /* CheckInListStatus.swift */,
			);
			path = Models;
			sourceTree = "<group>";
		};
		DCAAFF45223AB62B0059C000 /* API Client */ = {
			isa = PBXGroup;
			children = (
				DCAAFF4E223ABC670059C000 /* APIClient.swift */,
				DCAAFF50223ACAC60059C000 /* HttpMethods.swift */,
				DCAAFF54223AE6E20059C000 /* Errors.swift */,
				DCB35B95224901BA00860385 /* CryptoHelpers.swift */,
				DCB35B9722490B7D00860385 /* DateFormattingHelpers.swift */,
			);
			path = "API Client";
			sourceTree = "<group>";
		};
		DCB35B9E2249407300860385 /* Utilities */ = {
			isa = PBXGroup;
			children = (
				DC91EB27223F9F7D00704F24 /* ConfiguredNavigationController.swift */,
				DCAAFF56223AF14B0059C000 /* UIViewController.swift */,
				DCB35B9F2249408800860385 /* UIAlertController.swift */,
				DCB35B9C2249406000860385 /* UIDevice.swift */,
				DC227F2022536B5B00314448 /* AppCoordinator.swift */,
			);
			path = Utilities;
			sourceTree = "<group>";
		};
		DCDD82DB224BCBEB00DC0200 /* CheckIn Status */ = {
			isa = PBXGroup;
			children = (
				DCDD82D3224BC99300DC0200 /* CheckInStatusTableViewController.swift */,
				DCDD82D5224BCBA000DC0200 /* CheckInStatusOverviewTableViewCell.swift */,
				DCDD82D7224BCBC600DC0200 /* SimpleCheckInStatusItemTableViewCell.swift */,
				DCDD82D9224BCBDE00DC0200 /* AdvancedCheckInStatusItemTableViewCell.swift */,
				DCDD82DC224BDE7E00DC0200 /* ItemVariationTableViewCell.swift */,
			);
			path = "CheckIn Status";
			sourceTree = "<group>";
		};
		DCEF6E31223924F2009E7078 /* LibPretixSync */ = {
			isa = PBXGroup;
			children = (
				DCEF6E322239255B009E7078 /* ConfigStore */,
				DC1D6FAF2240ECE6008A9E06 /* TicketValidator */,
				DCAAFF45223AB62B0059C000 /* API Client */,
				DC8467A8225B99960013F647 /* SyncManager */,
				DC8467A5225B7FC70013F647 /* DataStore */,
				DCAAFF3F223AAB800059C000 /* Models */,
			);
			path = LibPretixSync;
			sourceTree = "<group>";
		};
		DCEF6E322239255B009E7078 /* ConfigStore */ = {
			isa = PBXGroup;
			children = (
				DCEF6E35223925EF009E7078 /* ConfigStore.swift */,
				DCAAFF2E223946180059C000 /* InMemoryConfigStore.swift */,
				DC227F2D22550B6600314448 /* DefaultsConfigStore.swift */,
			);
			path = ConfigStore;
			sourceTree = "<group>";
		};
/* End PBXGroup section */

/* Begin PBXNativeTarget section */
		DC07357522392474008326F7 /* PretixScan */ = {
			isa = PBXNativeTarget;
			buildConfigurationList = DC07359322392476008326F7 /* Build configuration list for PBXNativeTarget "PretixScan" */;
			buildPhases = (
				AE76B1F69530806A3340C94A /* [CP] Check Pods Manifest.lock */,
				DC07357222392474008326F7 /* Sources */,
				DCAAFF2D2239342B0059C000 /* Run Linter */,
				DC07357322392474008326F7 /* Frameworks */,
				DC07357422392474008326F7 /* Resources */,
				DCAAFF2C2239323B0059C000 /* Generate Documentation */,
				1521320A5643DCDD8F3FCE3E /* [CP] Embed Pods Frameworks */,
			);
			buildRules = (
			);
			dependencies = (
			);
			name = PretixScan;
			productName = PretixScan;
			productReference = DC07357622392474008326F7 /* PretixScan.app */;
			productType = "com.apple.product-type.application";
		};
		DC07358922392476008326F7 /* PretixScanTests */ = {
			isa = PBXNativeTarget;
			buildConfigurationList = DC07359622392476008326F7 /* Build configuration list for PBXNativeTarget "PretixScanTests" */;
			buildPhases = (
				7D01100A24E5CD559246DCC9 /* [CP] Check Pods Manifest.lock */,
				DC07358622392476008326F7 /* Sources */,
				DC07358722392476008326F7 /* Frameworks */,
				DC07358822392476008326F7 /* Resources */,
			);
			buildRules = (
			);
			dependencies = (
				DC07358C22392476008326F7 /* PBXTargetDependency */,
			);
			name = PretixScanTests;
			productName = PretixScanTests;
			productReference = DC07358A22392476008326F7 /* PretixScanTests.xctest */;
			productType = "com.apple.product-type.bundle.unit-test";
		};
/* End PBXNativeTarget section */

/* Begin PBXProject section */
		DC07356E22392474008326F7 /* Project object */ = {
			isa = PBXProject;
			attributes = {
				LastSwiftUpdateCheck = 1010;
				LastUpgradeCheck = 1010;
				ORGANIZATIONNAME = rami.io;
				TargetAttributes = {
					DC07357522392474008326F7 = {
						CreatedOnToolsVersion = 10.1;
						LastSwiftMigration = 1020;
					};
					DC07358922392476008326F7 = {
						CreatedOnToolsVersion = 10.1;
						LastSwiftMigration = 1020;
						TestTargetID = DC07357522392474008326F7;
					};
				};
			};
			buildConfigurationList = DC07357122392474008326F7 /* Build configuration list for PBXProject "PretixScan" */;
			compatibilityVersion = "Xcode 9.3";
			developmentRegion = en;
			hasScannedForEncodings = 0;
			knownRegions = (
				en,
				Base,
			);
			mainGroup = DC07356D22392474008326F7;
			productRefGroup = DC07357722392474008326F7 /* Products */;
			projectDirPath = "";
			projectRoot = "";
			targets = (
				DC07357522392474008326F7 /* PretixScan */,
				DC07358922392476008326F7 /* PretixScanTests */,
			);
		};
/* End PBXProject section */

/* Begin PBXResourcesBuildPhase section */
		DC07357422392474008326F7 /* Resources */ = {
			isa = PBXResourcesBuildPhase;
			buildActionMask = 2147483647;
			files = (
				DC07358422392476008326F7 /* LaunchScreen.storyboard in Resources */,
				DCB35B8C2248E8E300860385 /* fa-solid-900.ttf in Resources */,
				DC07358122392476008326F7 /* Assets.xcassets in Resources */,
				DCAAFF29223929B60059C000 /* README.md in Resources */,
				DC07357F22392474008326F7 /* Main.storyboard in Resources */,
			);
			runOnlyForDeploymentPostprocessing = 0;
		};
		DC07358822392476008326F7 /* Resources */ = {
			isa = PBXResourcesBuildPhase;
			buildActionMask = 2147483647;
			files = (
			);
			runOnlyForDeploymentPostprocessing = 0;
		};
/* End PBXResourcesBuildPhase section */

/* Begin PBXShellScriptBuildPhase section */
		1521320A5643DCDD8F3FCE3E /* [CP] Embed Pods Frameworks */ = {
			isa = PBXShellScriptBuildPhase;
			buildActionMask = 2147483647;
			files = (
			);
			inputFileListPaths = (
			);
			inputPaths = (
				"${PODS_ROOT}/Target Support Files/Pods-PretixScan/Pods-PretixScan-frameworks.sh",
				"${BUILT_PRODUCTS_DIR}/FMDB/FMDB.framework",
				"${BUILT_PRODUCTS_DIR}/SwiftMessages/SwiftMessages.framework",
			);
			name = "[CP] Embed Pods Frameworks";
			outputFileListPaths = (
			);
			outputPaths = (
				"${TARGET_BUILD_DIR}/${FRAMEWORKS_FOLDER_PATH}/FMDB.framework",
				"${TARGET_BUILD_DIR}/${FRAMEWORKS_FOLDER_PATH}/SwiftMessages.framework",
			);
			runOnlyForDeploymentPostprocessing = 0;
			shellPath = /bin/sh;
			shellScript = "\"${PODS_ROOT}/Target Support Files/Pods-PretixScan/Pods-PretixScan-frameworks.sh\"\n";
			showEnvVarsInLog = 0;
		};
		7D01100A24E5CD559246DCC9 /* [CP] Check Pods Manifest.lock */ = {
			isa = PBXShellScriptBuildPhase;
			buildActionMask = 2147483647;
			files = (
			);
			inputFileListPaths = (
			);
			inputPaths = (
				"${PODS_PODFILE_DIR_PATH}/Podfile.lock",
				"${PODS_ROOT}/Manifest.lock",
			);
			name = "[CP] Check Pods Manifest.lock";
			outputFileListPaths = (
			);
			outputPaths = (
				"$(DERIVED_FILE_DIR)/Pods-PretixScanTests-checkManifestLockResult.txt",
			);
			runOnlyForDeploymentPostprocessing = 0;
			shellPath = /bin/sh;
			shellScript = "diff \"${PODS_PODFILE_DIR_PATH}/Podfile.lock\" \"${PODS_ROOT}/Manifest.lock\" > /dev/null\nif [ $? != 0 ] ; then\n    # print error to STDERR\n    echo \"error: The sandbox is not in sync with the Podfile.lock. Run 'pod install' or update your CocoaPods installation.\" >&2\n    exit 1\nfi\n# This output is used by Xcode 'outputs' to avoid re-running this script phase.\necho \"SUCCESS\" > \"${SCRIPT_OUTPUT_FILE_0}\"\n";
			showEnvVarsInLog = 0;
		};
		AE76B1F69530806A3340C94A /* [CP] Check Pods Manifest.lock */ = {
			isa = PBXShellScriptBuildPhase;
			buildActionMask = 2147483647;
			files = (
			);
			inputFileListPaths = (
			);
			inputPaths = (
				"${PODS_PODFILE_DIR_PATH}/Podfile.lock",
				"${PODS_ROOT}/Manifest.lock",
			);
			name = "[CP] Check Pods Manifest.lock";
			outputFileListPaths = (
			);
			outputPaths = (
				"$(DERIVED_FILE_DIR)/Pods-PretixScan-checkManifestLockResult.txt",
			);
			runOnlyForDeploymentPostprocessing = 0;
			shellPath = /bin/sh;
			shellScript = "diff \"${PODS_PODFILE_DIR_PATH}/Podfile.lock\" \"${PODS_ROOT}/Manifest.lock\" > /dev/null\nif [ $? != 0 ] ; then\n    # print error to STDERR\n    echo \"error: The sandbox is not in sync with the Podfile.lock. Run 'pod install' or update your CocoaPods installation.\" >&2\n    exit 1\nfi\n# This output is used by Xcode 'outputs' to avoid re-running this script phase.\necho \"SUCCESS\" > \"${SCRIPT_OUTPUT_FILE_0}\"\n";
			showEnvVarsInLog = 0;
		};
		DCAAFF2C2239323B0059C000 /* Generate Documentation */ = {
			isa = PBXShellScriptBuildPhase;
			buildActionMask = 2147483647;
			files = (
			);
			inputFileListPaths = (
			);
			inputPaths = (
			);
			name = "Generate Documentation";
			outputFileListPaths = (
			);
			outputPaths = (
			);
			runOnlyForDeploymentPostprocessing = 0;
			shellPath = /bin/sh;
			shellScript = "set -e\n\n#if ! which jazzy > /dev/null; then\n#echo \"warning: Jazzy is not installed. Vistit http://github.com/realm/jazzy to learn more.\"\n#else\n#jazzy\n#fi\n";
		};
		DCAAFF2D2239342B0059C000 /* Run Linter */ = {
			isa = PBXShellScriptBuildPhase;
			buildActionMask = 2147483647;
			files = (
			);
			inputFileListPaths = (
			);
			inputPaths = (
			);
			name = "Run Linter";
			outputFileListPaths = (
			);
			outputPaths = (
			);
			runOnlyForDeploymentPostprocessing = 0;
			shellPath = /bin/sh;
			shellScript = "if which swiftlint >/dev/null; then\nswiftlint\nelse\necho \"warning: SwiftLint not installed, download from https://github.com/realm/SwiftLint\"\nfi\n";
		};
/* End PBXShellScriptBuildPhase section */

/* Begin PBXSourcesBuildPhase section */
		DC07357222392474008326F7 /* Sources */ = {
			isa = PBXSourcesBuildPhase;
			buildActionMask = 2147483647;
			files = (
				DC227F2A2253E0AE00314448 /* LoadingIndicator.swift in Sources */,
				DCEF6E36223925EF009E7078 /* ConfigStore.swift in Sources */,
				DC23BA4B223FCFF200ED7713 /* CheckInList.swift in Sources */,
				DCAAFF47223AB6A00059C000 /* DeviceInitializationRequest.swift in Sources */,
				DCAAFF3822396EC30059C000 /* Segues.swift in Sources */,
				DC23BA52223FEB2700ED7713 /* SetupFinishedViewController.swift in Sources */,
				DCB35B96224901BA00860385 /* CryptoHelpers.swift in Sources */,
				DCAAFF57223AF14B0059C000 /* UIViewController.swift in Sources */,
				DCAAFF3A223970090059C000 /* Localization.swift in Sources */,
				DCC0003C223BE31F00236424 /* MultiLingualString.swift in Sources */,
				DC91EB33223FAFF300704F24 /* PagedList.swift in Sources */,
				DC1D6FCB22427B2D008A9E06 /* RedemptionRequest.swift in Sources */,
				DC1D6FB12240ECF4008A9E06 /* TicketValidator.swift in Sources */,
				DCDD82CF224BB96E00DC0200 /* CheckInListStatus.swift in Sources */,
				DCB35BA02249408800860385 /* UIAlertController.swift in Sources */,
				DC227F232253700900314448 /* SetupCodeScannerViewController.swift in Sources */,
				DCDD82CD224AB25900DC0200 /* Color.swift in Sources */,
				DCAAFF36223952350059C000 /* WelcomeViewController.swift in Sources */,
				DC07357A22392474008326F7 /* AppDelegate.swift in Sources */,
				DC1D6FB72240F82B008A9E06 /* CheckIn.swift in Sources */,
				DC8467AC225B9EC10013F647 /* OfflineTicketValidator.swift in Sources */,
				DC8467AA225B99A50013F647 /* SyncManager.swift in Sources */,
				DC2F4A00225666A200710EFA /* SettingsTableViewController.swift in Sources */,
				DC1D6FB52240F689008A9E06 /* OrderPosition.swift in Sources */,
				DCAAFF55223AE6E20059C000 /* Errors.swift in Sources */,
				DCC0003A223BE07D00236424 /* Event.swift in Sources */,
				DC1D6FBF22416268008A9E06 /* SearchResultsTableViewController.swift in Sources */,
				DCDD82DF224C169E00DC0200 /* ScannerViewController.swift in Sources */,
				DC227F2522539BF000314448 /* PrimaryButton.swift in Sources */,
				DCB35B9D2249406000860385 /* UIDevice.swift in Sources */,
				DC227F272253A58400314448 /* GroupContainerView.swift in Sources */,
				DC2F4A05225781CF00710EFA /* TicketStatusSegue.swift in Sources */,
				DCDD82DA224BCBDE00DC0200 /* AdvancedCheckInStatusItemTableViewCell.swift in Sources */,
				DC227F2E22550B6600314448 /* DefaultsConfigStore.swift in Sources */,
				DCAAFF2F223946180059C000 /* InMemoryConfigStore.swift in Sources */,
				DC91EB31223FA36A00704F24 /* SelectEventTableViewController.swift in Sources */,
				DCAAFF49223AB8450059C000 /* DeviceInitializationResponse.swift in Sources */,
				DC8467A7225B99590013F647 /* DataStore.swift in Sources */,
				DCB35B9822490B7D00860385 /* DateFormattingHelpers.swift in Sources */,
				DC1D6FC122424CA9008A9E06 /* SearchFooterView.swift in Sources */,
				DCDD82CB224AB1A400DC0200 /* Icon.swift in Sources */,
				DC1D6FB32240EE7A008A9E06 /* OnlineTicketValidator.swift in Sources */,
				DC1D6FC822425B02008A9E06 /* ConnectDeviceViewController.swift in Sources */,
				DC1D6FC922425B02008A9E06 /* SelectCheckInListTableViewController.swift in Sources */,
				DCB35B912248F31400860385 /* RedemptionResponse.swift in Sources */,
				DC2F4A022256722100710EFA /* NotifcationManager.swift in Sources */,
				DCAAFF3122394BDD0059C000 /* ValidateTicketViewController.swift in Sources */,
				DC2F49FD22565FFE00710EFA /* FontAwesomeBarButtonItem.swift in Sources */,
				DC91EB28223F9F7D00704F24 /* ConfiguredNavigationController.swift in Sources */,
				DC1D6FC32242589B008A9E06 /* SearchResultTableViewCell.swift in Sources */,
				DCDD82D4224BC99300DC0200 /* CheckInStatusTableViewController.swift in Sources */,
				DCAAFF41223AAB8E0059C000 /* Handshake.swift in Sources */,
				DCDD82DD224BDE7E00DC0200 /* ItemVariationTableViewCell.swift in Sources */,
				DCAAFF51223ACAC60059C000 /* HttpMethods.swift in Sources */,
				DCDD82E1224C19D800DC0200 /* TicketScannerViewController.swift in Sources */,
				DCDD82D6224BCBA000DC0200 /* CheckInStatusOverviewTableViewCell.swift in Sources */,
				DCAAFF4F223ABC670059C000 /* APIClient.swift in Sources */,
				DCDD82D8224BCBC600DC0200 /* SimpleCheckInStatusItemTableViewCell.swift in Sources */,
				DCB35B9B2249402300860385 /* TicketStatusViewController.swift in Sources */,
				DC227F2122536B5B00314448 /* AppCoordinator.swift in Sources */,
			);
			runOnlyForDeploymentPostprocessing = 0;
		};
		DC07358622392476008326F7 /* Sources */ = {
			isa = PBXSourcesBuildPhase;
			buildActionMask = 2147483647;
			files = (
				DCB35B922248F65000860385 /* RedemptionResponse.swift in Sources */,
				DC1D6FBC2240FA46008A9E06 /* OrderPosition.swift in Sources */,
				DC23BA4E223FD34800ED7713 /* CheckInList.swift in Sources */,
				DCDD82D2224BBDAB00DC0200 /* CheckInListStatus.swift in Sources */,
				DCB35B8F2248EB8400860385 /* RedemptionRequest.swift in Sources */,
				DCB35B8E2248EB5800860385 /* RedemptionRequestTests.swift in Sources */,
				DCAAFF4B223AB9CE0059C000 /* DeviceInitializationParsingTests.swift in Sources */,
				DCC0003F223BE77200236424 /* MultiLingualString.swift in Sources */,
				DCAAFF4C223AB9F20059C000 /* DeviceInitializationRequest.swift in Sources */,
				DC1D6FBD2240FA49008A9E06 /* CheckIn.swift in Sources */,
				DCAAFF4D223AB9F40059C000 /* DeviceInitializationResponse.swift in Sources */,
				DCDD82D1224BBD7600DC0200 /* CheckListStatusTests.swift in Sources */,
				DCC00042223BEB3B00236424 /* Event.swift in Sources */,
				DCAAFF43223AAF4C0059C000 /* HandshakeParsingTests.swift in Sources */,
				DC1D6FBB2240FA16008A9E06 /* OrderPositionTests.swift in Sources */,
				DCC0003E223BE6D700236424 /* MultiLingualStringTests.swift in Sources */,
				DC23BA4D223FD28700ED7713 /* CheckinListTests.swift in Sources */,
				DCB35B9922490D5200860385 /* DateFormattingHelpers.swift in Sources */,
				DCC00041223BEAF300236424 /* EventTests.swift in Sources */,
				DCAAFF44223AB0920059C000 /* Handshake.swift in Sources */,
				DCB35B942248F66100860385 /* RedemptionResponseTests.swift in Sources */,
			);
			runOnlyForDeploymentPostprocessing = 0;
		};
/* End PBXSourcesBuildPhase section */

/* Begin PBXTargetDependency section */
		DC07358C22392476008326F7 /* PBXTargetDependency */ = {
			isa = PBXTargetDependency;
			target = DC07357522392474008326F7 /* PretixScan */;
			targetProxy = DC07358B22392476008326F7 /* PBXContainerItemProxy */;
		};
/* End PBXTargetDependency section */

/* Begin PBXVariantGroup section */
		DC07357D22392474008326F7 /* Main.storyboard */ = {
			isa = PBXVariantGroup;
			children = (
				DC07357E22392474008326F7 /* Base */,
			);
			name = Main.storyboard;
			sourceTree = "<group>";
		};
		DC07358222392476008326F7 /* LaunchScreen.storyboard */ = {
			isa = PBXVariantGroup;
			children = (
				DC07358322392476008326F7 /* Base */,
			);
			name = LaunchScreen.storyboard;
			sourceTree = "<group>";
		};
/* End PBXVariantGroup section */

/* Begin XCBuildConfiguration section */
		DC07359122392476008326F7 /* Debug */ = {
			isa = XCBuildConfiguration;
			buildSettings = {
				ALWAYS_SEARCH_USER_PATHS = NO;
				CLANG_ANALYZER_NONNULL = YES;
				CLANG_ANALYZER_NUMBER_OBJECT_CONVERSION = YES_AGGRESSIVE;
				CLANG_CXX_LANGUAGE_STANDARD = "gnu++14";
				CLANG_CXX_LIBRARY = "libc++";
				CLANG_ENABLE_MODULES = YES;
				CLANG_ENABLE_OBJC_ARC = YES;
				CLANG_ENABLE_OBJC_WEAK = YES;
				CLANG_WARN_BLOCK_CAPTURE_AUTORELEASING = YES;
				CLANG_WARN_BOOL_CONVERSION = YES;
				CLANG_WARN_COMMA = YES;
				CLANG_WARN_CONSTANT_CONVERSION = YES;
				CLANG_WARN_DEPRECATED_OBJC_IMPLEMENTATIONS = YES;
				CLANG_WARN_DIRECT_OBJC_ISA_USAGE = YES_ERROR;
				CLANG_WARN_DOCUMENTATION_COMMENTS = YES;
				CLANG_WARN_EMPTY_BODY = YES;
				CLANG_WARN_ENUM_CONVERSION = YES;
				CLANG_WARN_INFINITE_RECURSION = YES;
				CLANG_WARN_INT_CONVERSION = YES;
				CLANG_WARN_NON_LITERAL_NULL_CONVERSION = YES;
				CLANG_WARN_OBJC_IMPLICIT_RETAIN_SELF = YES;
				CLANG_WARN_OBJC_LITERAL_CONVERSION = YES;
				CLANG_WARN_OBJC_ROOT_CLASS = YES_ERROR;
				CLANG_WARN_RANGE_LOOP_ANALYSIS = YES;
				CLANG_WARN_STRICT_PROTOTYPES = YES;
				CLANG_WARN_SUSPICIOUS_MOVE = YES;
				CLANG_WARN_UNGUARDED_AVAILABILITY = YES_AGGRESSIVE;
				CLANG_WARN_UNREACHABLE_CODE = YES;
				CLANG_WARN__DUPLICATE_METHOD_MATCH = YES;
				CODE_SIGN_IDENTITY = "iPhone Developer";
				COPY_PHASE_STRIP = NO;
				DEBUG_INFORMATION_FORMAT = dwarf;
				ENABLE_STRICT_OBJC_MSGSEND = YES;
				ENABLE_TESTABILITY = YES;
				GCC_C_LANGUAGE_STANDARD = gnu11;
				GCC_DYNAMIC_NO_PIC = NO;
				GCC_NO_COMMON_BLOCKS = YES;
				GCC_OPTIMIZATION_LEVEL = 0;
				GCC_PREPROCESSOR_DEFINITIONS = (
					"DEBUG=1",
					"$(inherited)",
				);
				GCC_WARN_64_TO_32_BIT_CONVERSION = YES;
				GCC_WARN_ABOUT_RETURN_TYPE = YES_ERROR;
				GCC_WARN_UNDECLARED_SELECTOR = YES;
				GCC_WARN_UNINITIALIZED_AUTOS = YES_AGGRESSIVE;
				GCC_WARN_UNUSED_FUNCTION = YES;
				GCC_WARN_UNUSED_VARIABLE = YES;
				IPHONEOS_DEPLOYMENT_TARGET = 12.1;
				MTL_ENABLE_DEBUG_INFO = INCLUDE_SOURCE;
				MTL_FAST_MATH = YES;
				ONLY_ACTIVE_ARCH = YES;
				SDKROOT = iphoneos;
				SWIFT_ACTIVE_COMPILATION_CONDITIONS = DEBUG;
				SWIFT_OPTIMIZATION_LEVEL = "-Onone";
			};
			name = Debug;
		};
		DC07359222392476008326F7 /* Release */ = {
			isa = XCBuildConfiguration;
			buildSettings = {
				ALWAYS_SEARCH_USER_PATHS = NO;
				CLANG_ANALYZER_NONNULL = YES;
				CLANG_ANALYZER_NUMBER_OBJECT_CONVERSION = YES_AGGRESSIVE;
				CLANG_CXX_LANGUAGE_STANDARD = "gnu++14";
				CLANG_CXX_LIBRARY = "libc++";
				CLANG_ENABLE_MODULES = YES;
				CLANG_ENABLE_OBJC_ARC = YES;
				CLANG_ENABLE_OBJC_WEAK = YES;
				CLANG_WARN_BLOCK_CAPTURE_AUTORELEASING = YES;
				CLANG_WARN_BOOL_CONVERSION = YES;
				CLANG_WARN_COMMA = YES;
				CLANG_WARN_CONSTANT_CONVERSION = YES;
				CLANG_WARN_DEPRECATED_OBJC_IMPLEMENTATIONS = YES;
				CLANG_WARN_DIRECT_OBJC_ISA_USAGE = YES_ERROR;
				CLANG_WARN_DOCUMENTATION_COMMENTS = YES;
				CLANG_WARN_EMPTY_BODY = YES;
				CLANG_WARN_ENUM_CONVERSION = YES;
				CLANG_WARN_INFINITE_RECURSION = YES;
				CLANG_WARN_INT_CONVERSION = YES;
				CLANG_WARN_NON_LITERAL_NULL_CONVERSION = YES;
				CLANG_WARN_OBJC_IMPLICIT_RETAIN_SELF = YES;
				CLANG_WARN_OBJC_LITERAL_CONVERSION = YES;
				CLANG_WARN_OBJC_ROOT_CLASS = YES_ERROR;
				CLANG_WARN_RANGE_LOOP_ANALYSIS = YES;
				CLANG_WARN_STRICT_PROTOTYPES = YES;
				CLANG_WARN_SUSPICIOUS_MOVE = YES;
				CLANG_WARN_UNGUARDED_AVAILABILITY = YES_AGGRESSIVE;
				CLANG_WARN_UNREACHABLE_CODE = YES;
				CLANG_WARN__DUPLICATE_METHOD_MATCH = YES;
				CODE_SIGN_IDENTITY = "iPhone Developer";
				COPY_PHASE_STRIP = NO;
				DEBUG_INFORMATION_FORMAT = "dwarf-with-dsym";
				ENABLE_NS_ASSERTIONS = NO;
				ENABLE_STRICT_OBJC_MSGSEND = YES;
				GCC_C_LANGUAGE_STANDARD = gnu11;
				GCC_NO_COMMON_BLOCKS = YES;
				GCC_WARN_64_TO_32_BIT_CONVERSION = YES;
				GCC_WARN_ABOUT_RETURN_TYPE = YES_ERROR;
				GCC_WARN_UNDECLARED_SELECTOR = YES;
				GCC_WARN_UNINITIALIZED_AUTOS = YES_AGGRESSIVE;
				GCC_WARN_UNUSED_FUNCTION = YES;
				GCC_WARN_UNUSED_VARIABLE = YES;
				IPHONEOS_DEPLOYMENT_TARGET = 12.1;
				MTL_ENABLE_DEBUG_INFO = NO;
				MTL_FAST_MATH = YES;
				SDKROOT = iphoneos;
				SWIFT_COMPILATION_MODE = wholemodule;
				SWIFT_OPTIMIZATION_LEVEL = "-O";
				VALIDATE_PRODUCT = YES;
			};
			name = Release;
		};
		DC07359422392476008326F7 /* Debug */ = {
			isa = XCBuildConfiguration;
			baseConfigurationReference = 21519C9F8BA4033B8E89C05F /* Pods-PretixScan.debug.xcconfig */;
			buildSettings = {
				ASSETCATALOG_COMPILER_APPICON_NAME = AppIcon;
				CODE_SIGN_STYLE = Automatic;
				DEVELOPMENT_TEAM = FL4V655A94;
				INFOPLIST_FILE = PretixScan/Info.plist;
				LD_RUNPATH_SEARCH_PATHS = (
					"$(inherited)",
					"@executable_path/Frameworks",
				);
				PRODUCT_BUNDLE_IDENTIFIER = eu.pretix.PretixScan;
				PRODUCT_NAME = "$(TARGET_NAME)";
				SWIFT_VERSION = 5.0;
				TARGETED_DEVICE_FAMILY = "1,2";
			};
			name = Debug;
		};
		DC07359522392476008326F7 /* Release */ = {
			isa = XCBuildConfiguration;
			baseConfigurationReference = BDF1F626BB1093C36D3971D4 /* Pods-PretixScan.release.xcconfig */;
			buildSettings = {
				ASSETCATALOG_COMPILER_APPICON_NAME = AppIcon;
				CODE_SIGN_STYLE = Automatic;
				DEVELOPMENT_TEAM = FL4V655A94;
				INFOPLIST_FILE = PretixScan/Info.plist;
				LD_RUNPATH_SEARCH_PATHS = (
					"$(inherited)",
					"@executable_path/Frameworks",
				);
				PRODUCT_BUNDLE_IDENTIFIER = eu.pretix.PretixScan;
				PRODUCT_NAME = "$(TARGET_NAME)";
				SWIFT_VERSION = 5.0;
				TARGETED_DEVICE_FAMILY = "1,2";
			};
			name = Release;
		};
		DC07359722392476008326F7 /* Debug */ = {
			isa = XCBuildConfiguration;
			baseConfigurationReference = D28DFC6AAE75B94ADDD0D1CC /* Pods-PretixScanTests.debug.xcconfig */;
			buildSettings = {
				ALWAYS_EMBED_SWIFT_STANDARD_LIBRARIES = YES;
				BUNDLE_LOADER = "$(TEST_HOST)";
				CODE_SIGN_STYLE = Automatic;
				DEVELOPMENT_TEAM = FL4V655A94;
				INFOPLIST_FILE = PretixScanTests/Info.plist;
				LD_RUNPATH_SEARCH_PATHS = (
					"$(inherited)",
					"@executable_path/Frameworks",
					"@loader_path/Frameworks",
				);
				PRODUCT_BUNDLE_IDENTIFIER = eu.pretix.PretixScanTests;
				PRODUCT_NAME = "$(TARGET_NAME)";
				SWIFT_VERSION = 5.0;
				TARGETED_DEVICE_FAMILY = "1,2";
				TEST_HOST = "$(BUILT_PRODUCTS_DIR)/PretixScan.app/PretixScan";
			};
			name = Debug;
		};
		DC07359822392476008326F7 /* Release */ = {
			isa = XCBuildConfiguration;
			baseConfigurationReference = 1F8337068DC28D5BB74F8AD9 /* Pods-PretixScanTests.release.xcconfig */;
			buildSettings = {
				ALWAYS_EMBED_SWIFT_STANDARD_LIBRARIES = YES;
				BUNDLE_LOADER = "$(TEST_HOST)";
				CODE_SIGN_STYLE = Automatic;
				DEVELOPMENT_TEAM = FL4V655A94;
				INFOPLIST_FILE = PretixScanTests/Info.plist;
				LD_RUNPATH_SEARCH_PATHS = (
					"$(inherited)",
					"@executable_path/Frameworks",
					"@loader_path/Frameworks",
				);
				PRODUCT_BUNDLE_IDENTIFIER = eu.pretix.PretixScanTests;
				PRODUCT_NAME = "$(TARGET_NAME)";
				SWIFT_VERSION = 5.0;
				TARGETED_DEVICE_FAMILY = "1,2";
				TEST_HOST = "$(BUILT_PRODUCTS_DIR)/PretixScan.app/PretixScan";
			};
			name = Release;
		};
/* End XCBuildConfiguration section */

/* Begin XCConfigurationList section */
		DC07357122392474008326F7 /* Build configuration list for PBXProject "PretixScan" */ = {
			isa = XCConfigurationList;
			buildConfigurations = (
				DC07359122392476008326F7 /* Debug */,
				DC07359222392476008326F7 /* Release */,
			);
			defaultConfigurationIsVisible = 0;
			defaultConfigurationName = Release;
		};
		DC07359322392476008326F7 /* Build configuration list for PBXNativeTarget "PretixScan" */ = {
			isa = XCConfigurationList;
			buildConfigurations = (
				DC07359422392476008326F7 /* Debug */,
				DC07359522392476008326F7 /* Release */,
			);
			defaultConfigurationIsVisible = 0;
			defaultConfigurationName = Release;
		};
		DC07359622392476008326F7 /* Build configuration list for PBXNativeTarget "PretixScanTests" */ = {
			isa = XCConfigurationList;
			buildConfigurations = (
				DC07359722392476008326F7 /* Debug */,
				DC07359822392476008326F7 /* Release */,
			);
			defaultConfigurationIsVisible = 0;
			defaultConfigurationName = Release;
		};
/* End XCConfigurationList section */
	};
	rootObject = DC07356E22392474008326F7 /* Project object */;
}
